// !$*UTF8*$!
{
	archiveVersion = 1;
	classes = {
	};
	objectVersion = 46;
	objects = {

/* Begin PBXBuildFile section */
		24118C9D1E5A8C22004A8AED /* TileManager.swift in Sources */ = {isa = PBXBuildFile; fileRef = 24118C9C1E5A8C22004A8AED /* TileManager.swift */; };
		24118CA01E5A8CBC004A8AED /* ChipTile.swift in Sources */ = {isa = PBXBuildFile; fileRef = 24118C9F1E5A8CBC004A8AED /* ChipTile.swift */; };
		24118CA21E5A8CC8004A8AED /* Tile.swift in Sources */ = {isa = PBXBuildFile; fileRef = 24118CA11E5A8CC8004A8AED /* Tile.swift */; };
		24118CA51E5A8CF0004A8AED /* GameManager.swift in Sources */ = {isa = PBXBuildFile; fileRef = 24118CA41E5A8CF0004A8AED /* GameManager.swift */; };
		24118CA71E5A8D12004A8AED /* Player.swift in Sources */ = {isa = PBXBuildFile; fileRef = 24118CA61E5A8D12004A8AED /* Player.swift */; };
		24118CA91E5A8EB3004A8AED /* FloorTile.swift in Sources */ = {isa = PBXBuildFile; fileRef = 24118CA81E5A8EB3004A8AED /* FloorTile.swift */; };
		24118CAB1E5A93CC004A8AED /* Utils.swift in Sources */ = {isa = PBXBuildFile; fileRef = 24118CAA1E5A93CC004A8AED /* Utils.swift */; };
		24118CAD1E5A9B85004A8AED /* BlockTile.swift in Sources */ = {isa = PBXBuildFile; fileRef = 24118CAC1E5A9B85004A8AED /* BlockTile.swift */; };
		24118CAF1E5A9C80004A8AED /* HelpTile.swift in Sources */ = {isa = PBXBuildFile; fileRef = 24118CAE1E5A9C80004A8AED /* HelpTile.swift */; };
		24118CB11E5BC9ED004A8AED /* KeyTile.swift in Sources */ = {isa = PBXBuildFile; fileRef = 24118CB01E5BC9ED004A8AED /* KeyTile.swift */; };
		24118CB91E5BD080004A8AED /* BaseTile.swift in Sources */ = {isa = PBXBuildFile; fileRef = 24118CB81E5BD080004A8AED /* BaseTile.swift */; };
		24118CBB1E5BD829004A8AED /* LockTile.swift in Sources */ = {isa = PBXBuildFile; fileRef = 24118CBA1E5BD829004A8AED /* LockTile.swift */; };
		24118CBD1E6253B4004A8AED /* LevelRepository.swift in Sources */ = {isa = PBXBuildFile; fileRef = 24118CBC1E6253B4004A8AED /* LevelRepository.swift */; };
		24118CC01E625CB7004A8AED /* LevelLoader.swift in Sources */ = {isa = PBXBuildFile; fileRef = 24118CBF1E625CB7004A8AED /* LevelLoader.swift */; };
		24118CC21E638A1D004A8AED /* BoardTile.swift in Sources */ = {isa = PBXBuildFile; fileRef = 24118CC11E638A1D004A8AED /* BoardTile.swift */; };
		24118CC71E6CB334004A8AED /* HomeTile.swift in Sources */ = {isa = PBXBuildFile; fileRef = 24118CC61E6CB334004A8AED /* HomeTile.swift */; };
		24118CC91E6CB659004A8AED /* Level2.sks in Resources */ = {isa = PBXBuildFile; fileRef = 24118CC81E6CB659004A8AED /* Level2.sks */; };
		24118CCB1E6CCB56004A8AED /* MonaShark.otf in Resources */ = {isa = PBXBuildFile; fileRef = 24118CCA1E6CCB56004A8AED /* MonaShark.otf */; };
		24118CCD1E6CCFA2004A8AED /* MovableBlock.swift in Sources */ = {isa = PBXBuildFile; fileRef = 24118CCC1E6CCFA2004A8AED /* MovableBlock.swift */; };
		24118CCF1E6CD1CF004A8AED /* CommonDefinitions.swift in Sources */ = {isa = PBXBuildFile; fileRef = 24118CCE1E6CD1CF004A8AED /* CommonDefinitions.swift */; };
		24405ED027D5942C001340DA /* AppDelegate.swift in Sources */ = {isa = PBXBuildFile; fileRef = 24405ECF27D5942C001340DA /* AppDelegate.swift */; };
		24405ED227D5942C001340DA /* GameScene.sks in Resources */ = {isa = PBXBuildFile; fileRef = 24405ED127D5942C001340DA /* GameScene.sks */; };
		24405ED427D5942C001340DA /* Actions.sks in Resources */ = {isa = PBXBuildFile; fileRef = 24405ED327D5942C001340DA /* Actions.sks */; };
		24405ED827D5942C001340DA /* ViewController.swift in Sources */ = {isa = PBXBuildFile; fileRef = 24405ED727D5942C001340DA /* ViewController.swift */; };
		24405EDA27D5942D001340DA /* Assets.xcassets in Resources */ = {isa = PBXBuildFile; fileRef = 24405ED927D5942D001340DA /* Assets.xcassets */; };
		24405EDD27D5942D001340DA /* Main.storyboard in Resources */ = {isa = PBXBuildFile; fileRef = 24405EDB27D5942D001340DA /* Main.storyboard */; };
		24405EE327D59792001340DA /* GameScene.swift in Sources */ = {isa = PBXBuildFile; fileRef = 244337491D31D552000E485B /* GameScene.swift */; };
		24405EE427D59798001340DA /* Actions.sks in Resources */ = {isa = PBXBuildFile; fileRef = 244337471D31D552000E485B /* Actions.sks */; };
		24405EE527D5979C001340DA /* TileSet.sks in Resources */ = {isa = PBXBuildFile; fileRef = 2443375B1D31D84F000E485B /* TileSet.sks */; };
		24405EE627D597A0001340DA /* PlayerEffects.swift in Sources */ = {isa = PBXBuildFile; fileRef = 24A7586D25A03C87008678EE /* PlayerEffects.swift */; };
		24405EE727D597A3001340DA /* Player.swift in Sources */ = {isa = PBXBuildFile; fileRef = 24118CA61E5A8D12004A8AED /* Player.swift */; };
		24405EE827D597A6001340DA /* GameManager.swift in Sources */ = {isa = PBXBuildFile; fileRef = 24118CA41E5A8CF0004A8AED /* GameManager.swift */; };
		24405EE927D597A9001340DA /* CommonDefinitions.swift in Sources */ = {isa = PBXBuildFile; fileRef = 24118CCE1E6CD1CF004A8AED /* CommonDefinitions.swift */; };
		24405EEA27D597AC001340DA /* Utils.swift in Sources */ = {isa = PBXBuildFile; fileRef = 24118CAA1E5A93CC004A8AED /* Utils.swift */; };
		24405EEB27D597B0001340DA /* LevelLoader.swift in Sources */ = {isa = PBXBuildFile; fileRef = 24118CBF1E625CB7004A8AED /* LevelLoader.swift */; };
		24405EEC27D597B4001340DA /* LevelRepository.swift in Sources */ = {isa = PBXBuildFile; fileRef = 24118CBC1E6253B4004A8AED /* LevelRepository.swift */; };
		24405EED27D597B8001340DA /* Level5.sks in Resources */ = {isa = PBXBuildFile; fileRef = 244B2E3F25AA651D00DE1904 /* Level5.sks */; };
		24405EEE27D597BC001340DA /* Level4.sks in Resources */ = {isa = PBXBuildFile; fileRef = 244B2E3D25AA60FD00DE1904 /* Level4.sks */; };
		24405EEF27D597BE001340DA /* Level3.sks in Resources */ = {isa = PBXBuildFile; fileRef = 24F9D27C2479E9FA007E541C /* Level3.sks */; };
		24405EF027D597C1001340DA /* Level2.sks in Resources */ = {isa = PBXBuildFile; fileRef = 24118CC81E6CB659004A8AED /* Level2.sks */; };
		24405EF127D597C4001340DA /* Level1.sks in Resources */ = {isa = PBXBuildFile; fileRef = 24D487471D3322CD00AC1095 /* Level1.sks */; };
		24405EF227D597C9001340DA /* ContactComponent.swift in Sources */ = {isa = PBXBuildFile; fileRef = 2489872124AFCDD800617901 /* ContactComponent.swift */; };
		24405EF327D597CC001340DA /* OrientationComponent.swift in Sources */ = {isa = PBXBuildFile; fileRef = 24898711247C60C400617901 /* OrientationComponent.swift */; };
		24405EF427D597D3001340DA /* BugMoveComponent.swift in Sources */ = {isa = PBXBuildFile; fileRef = 24F9D27A2471D00F007E541C /* BugMoveComponent.swift */; };
		24405EF527D597D7001340DA /* SpriteComponent.swift in Sources */ = {isa = PBXBuildFile; fileRef = 24F9D2742471CD45007E541C /* SpriteComponent.swift */; };
		24405EF627D597DC001340DA /* BaseTickableComponent.swift in Sources */ = {isa = PBXBuildFile; fileRef = 2445EABF24B819B200A1D323 /* BaseTickableComponent.swift */; };
		24405EF727D597E2001340DA /* Tile2DArray.swift in Sources */ = {isa = PBXBuildFile; fileRef = 24FA9F2A1EDCC66F0051F3E7 /* Tile2DArray.swift */; };
		24405EF827D597E8001340DA /* MovableBlock.swift in Sources */ = {isa = PBXBuildFile; fileRef = 24118CCC1E6CCFA2004A8AED /* MovableBlock.swift */; };
		24405EF927D597ED001340DA /* BoardTile.swift in Sources */ = {isa = PBXBuildFile; fileRef = 24118CC11E638A1D004A8AED /* BoardTile.swift */; };
		24405EFA27D597F0001340DA /* LockTile.swift in Sources */ = {isa = PBXBuildFile; fileRef = 24118CBA1E5BD829004A8AED /* LockTile.swift */; };
		24405EFB27D597FD001340DA /* KeyTile.swift in Sources */ = {isa = PBXBuildFile; fileRef = 24118CB01E5BC9ED004A8AED /* KeyTile.swift */; };
		24405EFC27D59800001340DA /* BootTile.swift in Sources */ = {isa = PBXBuildFile; fileRef = 24CBD4671EDCEBEE00154179 /* BootTile.swift */; };
		24405EFD27D59803001340DA /* ChipTile.swift in Sources */ = {isa = PBXBuildFile; fileRef = 24118C9F1E5A8CBC004A8AED /* ChipTile.swift */; };
		24405EFE27D59808001340DA /* IceTile.swift in Sources */ = {isa = PBXBuildFile; fileRef = 24A7586F25A1554E008678EE /* IceTile.swift */; };
		24405EFF27D5980C001340DA /* FloorTile.swift in Sources */ = {isa = PBXBuildFile; fileRef = 24118CA81E5A8EB3004A8AED /* FloorTile.swift */; };
		24405F0027D5980C001340DA /* BoostTile.swift in Sources */ = {isa = PBXBuildFile; fileRef = 24F9D270247104B4007E541C /* BoostTile.swift */; };
		24405F0127D5980C001340DA /* FireTile.swift in Sources */ = {isa = PBXBuildFile; fileRef = 24F9D2682470F80E007E541C /* FireTile.swift */; };
		24405F0227D5980C001340DA /* DirtTile.swift in Sources */ = {isa = PBXBuildFile; fileRef = 24FDE3251FCA7C2C00814A9D /* DirtTile.swift */; };
		24405F0327D5980C001340DA /* BlockTile.swift in Sources */ = {isa = PBXBuildFile; fileRef = 24118CAC1E5A9B85004A8AED /* BlockTile.swift */; };
		24405F0427D5980C001340DA /* HomeTile.swift in Sources */ = {isa = PBXBuildFile; fileRef = 24118CC61E6CB334004A8AED /* HomeTile.swift */; };
		24405F0527D5980C001340DA /* WaterTile.swift in Sources */ = {isa = PBXBuildFile; fileRef = 24FDE3271FCA7CB300814A9D /* WaterTile.swift */; };
		24405F0627D59813001340DA /* BlueButtonTile.swift in Sources */ = {isa = PBXBuildFile; fileRef = 2487508727D590060047FB91 /* BlueButtonTile.swift */; };
		24405F0727D59813001340DA /* GreenClosedGateTile.swift in Sources */ = {isa = PBXBuildFile; fileRef = 2487508D27D590700047FB91 /* GreenClosedGateTile.swift */; };
		24405F0827D59813001340DA /* GreenButtonTile.swift in Sources */ = {isa = PBXBuildFile; fileRef = 2487508927D5902F0047FB91 /* GreenButtonTile.swift */; };
		24405F0927D59813001340DA /* GreenOpenGateTile.swift in Sources */ = {isa = PBXBuildFile; fileRef = 2487508B27D5904E0047FB91 /* GreenOpenGateTile.swift */; };
		24405F0A27D59816001340DA /* BaseTile.swift in Sources */ = {isa = PBXBuildFile; fileRef = 24118CB81E5BD080004A8AED /* BaseTile.swift */; };
		24405F0B27D59816001340DA /* HelpTile.swift in Sources */ = {isa = PBXBuildFile; fileRef = 24118CAE1E5A9C80004A8AED /* HelpTile.swift */; };
		24405F0C27D5981A001340DA /* Tile.swift in Sources */ = {isa = PBXBuildFile; fileRef = 24118CA11E5A8CC8004A8AED /* Tile.swift */; };
		24405F0D27D5981A001340DA /* TileManager.swift in Sources */ = {isa = PBXBuildFile; fileRef = 24118C9C1E5A8C22004A8AED /* TileManager.swift */; };
		24405F0E27D5981F001340DA /* EntityManager.swift in Sources */ = {isa = PBXBuildFile; fileRef = 24F9D2782471CDB4007E541C /* EntityManager.swift */; };
		244337441D31D552000E485B /* AppDelegate.swift in Sources */ = {isa = PBXBuildFile; fileRef = 244337431D31D552000E485B /* AppDelegate.swift */; };
		244337481D31D552000E485B /* Actions.sks in Resources */ = {isa = PBXBuildFile; fileRef = 244337471D31D552000E485B /* Actions.sks */; };
		2443374A1D31D552000E485B /* GameScene.swift in Sources */ = {isa = PBXBuildFile; fileRef = 244337491D31D552000E485B /* GameScene.swift */; };
		2443374C1D31D552000E485B /* GameViewController.swift in Sources */ = {isa = PBXBuildFile; fileRef = 2443374B1D31D552000E485B /* GameViewController.swift */; };
		2443374F1D31D552000E485B /* Main.storyboard in Resources */ = {isa = PBXBuildFile; fileRef = 2443374D1D31D552000E485B /* Main.storyboard */; };
		244337511D31D552000E485B /* Assets.xcassets in Resources */ = {isa = PBXBuildFile; fileRef = 244337501D31D552000E485B /* Assets.xcassets */; };
		244337541D31D552000E485B /* LaunchScreen.storyboard in Resources */ = {isa = PBXBuildFile; fileRef = 244337521D31D552000E485B /* LaunchScreen.storyboard */; };
		2443375C1D31D84F000E485B /* TileSet.sks in Resources */ = {isa = PBXBuildFile; fileRef = 2443375B1D31D84F000E485B /* TileSet.sks */; };
		2445EAC024B819B200A1D323 /* BaseTickableComponent.swift in Sources */ = {isa = PBXBuildFile; fileRef = 2445EABF24B819B200A1D323 /* BaseTickableComponent.swift */; };
		244B2E3E25AA60FE00DE1904 /* Level4.sks in Resources */ = {isa = PBXBuildFile; fileRef = 244B2E3D25AA60FD00DE1904 /* Level4.sks */; };
		244B2E4025AA651D00DE1904 /* Level5.sks in Resources */ = {isa = PBXBuildFile; fileRef = 244B2E3F25AA651D00DE1904 /* Level5.sks */; };
		2487508827D590060047FB91 /* BlueButtonTile.swift in Sources */ = {isa = PBXBuildFile; fileRef = 2487508727D590060047FB91 /* BlueButtonTile.swift */; };
		2487508A27D5902F0047FB91 /* GreenButtonTile.swift in Sources */ = {isa = PBXBuildFile; fileRef = 2487508927D5902F0047FB91 /* GreenButtonTile.swift */; };
		2487508C27D5904E0047FB91 /* GreenOpenGateTile.swift in Sources */ = {isa = PBXBuildFile; fileRef = 2487508B27D5904E0047FB91 /* GreenOpenGateTile.swift */; };
		2487508E27D590700047FB91 /* GreenClosedGateTile.swift in Sources */ = {isa = PBXBuildFile; fileRef = 2487508D27D590700047FB91 /* GreenClosedGateTile.swift */; };
		24898712247C60C400617901 /* OrientationComponent.swift in Sources */ = {isa = PBXBuildFile; fileRef = 24898711247C60C400617901 /* OrientationComponent.swift */; };
		2489871A24AAF7C400617901 /* OrientationAndMoveDirectionTests.swift in Sources */ = {isa = PBXBuildFile; fileRef = 2489871924AAF7C400617901 /* OrientationAndMoveDirectionTests.swift */; };
		2489872224AFCDD800617901 /* ContactComponent.swift in Sources */ = {isa = PBXBuildFile; fileRef = 2489872124AFCDD800617901 /* ContactComponent.swift */; };
		24A7586E25A03C87008678EE /* PlayerEffects.swift in Sources */ = {isa = PBXBuildFile; fileRef = 24A7586D25A03C87008678EE /* PlayerEffects.swift */; };
		24A7587025A1554E008678EE /* IceTile.swift in Sources */ = {isa = PBXBuildFile; fileRef = 24A7586F25A1554E008678EE /* IceTile.swift */; };
		24CBD4681EDCEBEE00154179 /* BootTile.swift in Sources */ = {isa = PBXBuildFile; fileRef = 24CBD4671EDCEBEE00154179 /* BootTile.swift */; };
		24D487481D3322CD00AC1095 /* Level1.sks in Resources */ = {isa = PBXBuildFile; fileRef = 24D487471D3322CD00AC1095 /* Level1.sks */; };
		24F9D2692470F80E007E541C /* FireTile.swift in Sources */ = {isa = PBXBuildFile; fileRef = 24F9D2682470F80E007E541C /* FireTile.swift */; };
		24F9D271247104B4007E541C /* BoostTile.swift in Sources */ = {isa = PBXBuildFile; fileRef = 24F9D270247104B4007E541C /* BoostTile.swift */; };
		24F9D2752471CD45007E541C /* SpriteComponent.swift in Sources */ = {isa = PBXBuildFile; fileRef = 24F9D2742471CD45007E541C /* SpriteComponent.swift */; };
		24F9D2792471CDB4007E541C /* EntityManager.swift in Sources */ = {isa = PBXBuildFile; fileRef = 24F9D2782471CDB4007E541C /* EntityManager.swift */; };
		24F9D27B2471D00F007E541C /* BugMoveComponent.swift in Sources */ = {isa = PBXBuildFile; fileRef = 24F9D27A2471D00F007E541C /* BugMoveComponent.swift */; };
		24F9D27D2479E9FA007E541C /* Level3.sks in Resources */ = {isa = PBXBuildFile; fileRef = 24F9D27C2479E9FA007E541C /* Level3.sks */; };
		24FA9F2B1EDCC66F0051F3E7 /* Tile2DArray.swift in Sources */ = {isa = PBXBuildFile; fileRef = 24FA9F2A1EDCC66F0051F3E7 /* Tile2DArray.swift */; };
		24FDE3261FCA7C2C00814A9D /* DirtTile.swift in Sources */ = {isa = PBXBuildFile; fileRef = 24FDE3251FCA7C2C00814A9D /* DirtTile.swift */; };
		24FDE3281FCA7CB400814A9D /* WaterTile.swift in Sources */ = {isa = PBXBuildFile; fileRef = 24FDE3271FCA7CB300814A9D /* WaterTile.swift */; };
/* End PBXBuildFile section */

/* Begin PBXContainerItemProxy section */
		2489871C24AAF7C400617901 /* PBXContainerItemProxy */ = {
			isa = PBXContainerItemProxy;
			containerPortal = 244337381D31D552000E485B /* Project object */;
			proxyType = 1;
			remoteGlobalIDString = 2443373F1D31D552000E485B;
			remoteInfo = Chippy;
		};
/* End PBXContainerItemProxy section */

/* Begin PBXFileReference section */
		24118C9C1E5A8C22004A8AED /* TileManager.swift */ = {isa = PBXFileReference; fileEncoding = 4; lastKnownFileType = sourcecode.swift; path = TileManager.swift; sourceTree = "<group>"; };
		24118C9F1E5A8CBC004A8AED /* ChipTile.swift */ = {isa = PBXFileReference; fileEncoding = 4; lastKnownFileType = sourcecode.swift; path = ChipTile.swift; sourceTree = "<group>"; };
		24118CA11E5A8CC8004A8AED /* Tile.swift */ = {isa = PBXFileReference; fileEncoding = 4; lastKnownFileType = sourcecode.swift; path = Tile.swift; sourceTree = "<group>"; };
		24118CA41E5A8CF0004A8AED /* GameManager.swift */ = {isa = PBXFileReference; fileEncoding = 4; lastKnownFileType = sourcecode.swift; path = GameManager.swift; sourceTree = "<group>"; };
		24118CA61E5A8D12004A8AED /* Player.swift */ = {isa = PBXFileReference; fileEncoding = 4; lastKnownFileType = sourcecode.swift; path = Player.swift; sourceTree = "<group>"; };
		24118CA81E5A8EB3004A8AED /* FloorTile.swift */ = {isa = PBXFileReference; fileEncoding = 4; lastKnownFileType = sourcecode.swift; path = FloorTile.swift; sourceTree = "<group>"; };
		24118CAA1E5A93CC004A8AED /* Utils.swift */ = {isa = PBXFileReference; fileEncoding = 4; lastKnownFileType = sourcecode.swift; path = Utils.swift; sourceTree = "<group>"; };
		24118CAC1E5A9B85004A8AED /* BlockTile.swift */ = {isa = PBXFileReference; fileEncoding = 4; lastKnownFileType = sourcecode.swift; path = BlockTile.swift; sourceTree = "<group>"; };
		24118CAE1E5A9C80004A8AED /* HelpTile.swift */ = {isa = PBXFileReference; fileEncoding = 4; lastKnownFileType = sourcecode.swift; path = HelpTile.swift; sourceTree = "<group>"; };
		24118CB01E5BC9ED004A8AED /* KeyTile.swift */ = {isa = PBXFileReference; fileEncoding = 4; lastKnownFileType = sourcecode.swift; path = KeyTile.swift; sourceTree = "<group>"; };
		24118CB81E5BD080004A8AED /* BaseTile.swift */ = {isa = PBXFileReference; fileEncoding = 4; lastKnownFileType = sourcecode.swift; path = BaseTile.swift; sourceTree = "<group>"; };
		24118CBA1E5BD829004A8AED /* LockTile.swift */ = {isa = PBXFileReference; fileEncoding = 4; lastKnownFileType = sourcecode.swift; path = LockTile.swift; sourceTree = "<group>"; };
		24118CBC1E6253B4004A8AED /* LevelRepository.swift */ = {isa = PBXFileReference; fileEncoding = 4; lastKnownFileType = sourcecode.swift; path = LevelRepository.swift; sourceTree = "<group>"; };
		24118CBF1E625CB7004A8AED /* LevelLoader.swift */ = {isa = PBXFileReference; fileEncoding = 4; lastKnownFileType = sourcecode.swift; path = LevelLoader.swift; sourceTree = "<group>"; };
		24118CC11E638A1D004A8AED /* BoardTile.swift */ = {isa = PBXFileReference; fileEncoding = 4; lastKnownFileType = sourcecode.swift; path = BoardTile.swift; sourceTree = "<group>"; };
		24118CC61E6CB334004A8AED /* HomeTile.swift */ = {isa = PBXFileReference; fileEncoding = 4; lastKnownFileType = sourcecode.swift; path = HomeTile.swift; sourceTree = "<group>"; };
		24118CC81E6CB659004A8AED /* Level2.sks */ = {isa = PBXFileReference; lastKnownFileType = file.sks; path = Level2.sks; sourceTree = "<group>"; };
		24118CCA1E6CCB56004A8AED /* MonaShark.otf */ = {isa = PBXFileReference; lastKnownFileType = file; path = MonaShark.otf; sourceTree = "<group>"; };
		24118CCC1E6CCFA2004A8AED /* MovableBlock.swift */ = {isa = PBXFileReference; fileEncoding = 4; lastKnownFileType = sourcecode.swift; path = MovableBlock.swift; sourceTree = "<group>"; };
		24118CCE1E6CD1CF004A8AED /* CommonDefinitions.swift */ = {isa = PBXFileReference; fileEncoding = 4; lastKnownFileType = sourcecode.swift; path = CommonDefinitions.swift; sourceTree = "<group>"; };
		24405ECD27D5942C001340DA /* ChippyMac.app */ = {isa = PBXFileReference; explicitFileType = wrapper.application; includeInIndex = 0; path = ChippyMac.app; sourceTree = BUILT_PRODUCTS_DIR; };
		24405ECF27D5942C001340DA /* AppDelegate.swift */ = {isa = PBXFileReference; lastKnownFileType = sourcecode.swift; path = AppDelegate.swift; sourceTree = "<group>"; };
		24405ED127D5942C001340DA /* GameScene.sks */ = {isa = PBXFileReference; lastKnownFileType = file.sks; path = GameScene.sks; sourceTree = "<group>"; };
		24405ED327D5942C001340DA /* Actions.sks */ = {isa = PBXFileReference; lastKnownFileType = file.sks; path = Actions.sks; sourceTree = "<group>"; };
		24405ED727D5942C001340DA /* ViewController.swift */ = {isa = PBXFileReference; lastKnownFileType = sourcecode.swift; path = ViewController.swift; sourceTree = "<group>"; };
		24405ED927D5942D001340DA /* Assets.xcassets */ = {isa = PBXFileReference; lastKnownFileType = folder.assetcatalog; path = Assets.xcassets; sourceTree = "<group>"; };
		24405EDC27D5942D001340DA /* Base */ = {isa = PBXFileReference; lastKnownFileType = file.storyboard; name = Base; path = Base.lproj/Main.storyboard; sourceTree = "<group>"; };
		24405EDE27D5942D001340DA /* ChippyMac.entitlements */ = {isa = PBXFileReference; lastKnownFileType = text.plist.entitlements; path = ChippyMac.entitlements; sourceTree = "<group>"; };
		244337401D31D552000E485B /* Chippy.app */ = {isa = PBXFileReference; explicitFileType = wrapper.application; includeInIndex = 0; path = Chippy.app; sourceTree = BUILT_PRODUCTS_DIR; };
		244337431D31D552000E485B /* AppDelegate.swift */ = {isa = PBXFileReference; lastKnownFileType = sourcecode.swift; path = AppDelegate.swift; sourceTree = "<group>"; };
		244337471D31D552000E485B /* Actions.sks */ = {isa = PBXFileReference; lastKnownFileType = file.sks; path = Actions.sks; sourceTree = "<group>"; };
		244337491D31D552000E485B /* GameScene.swift */ = {isa = PBXFileReference; lastKnownFileType = sourcecode.swift; path = GameScene.swift; sourceTree = "<group>"; };
		2443374B1D31D552000E485B /* GameViewController.swift */ = {isa = PBXFileReference; lastKnownFileType = sourcecode.swift; path = GameViewController.swift; sourceTree = "<group>"; };
		2443374E1D31D552000E485B /* Base */ = {isa = PBXFileReference; lastKnownFileType = file.storyboard; name = Base; path = Base.lproj/Main.storyboard; sourceTree = "<group>"; };
		244337501D31D552000E485B /* Assets.xcassets */ = {isa = PBXFileReference; lastKnownFileType = folder.assetcatalog; path = Assets.xcassets; sourceTree = "<group>"; };
		244337531D31D552000E485B /* Base */ = {isa = PBXFileReference; lastKnownFileType = file.storyboard; name = Base; path = Base.lproj/LaunchScreen.storyboard; sourceTree = "<group>"; };
		244337551D31D552000E485B /* Info.plist */ = {isa = PBXFileReference; lastKnownFileType = text.plist.xml; path = Info.plist; sourceTree = "<group>"; };
		2443375B1D31D84F000E485B /* TileSet.sks */ = {isa = PBXFileReference; lastKnownFileType = file.sks; path = TileSet.sks; sourceTree = "<group>"; };
		2445EABF24B819B200A1D323 /* BaseTickableComponent.swift */ = {isa = PBXFileReference; lastKnownFileType = sourcecode.swift; path = BaseTickableComponent.swift; sourceTree = "<group>"; };
		244B2E3D25AA60FD00DE1904 /* Level4.sks */ = {isa = PBXFileReference; lastKnownFileType = file.sks; path = Level4.sks; sourceTree = "<group>"; };
		244B2E3F25AA651D00DE1904 /* Level5.sks */ = {isa = PBXFileReference; lastKnownFileType = file.sks; path = Level5.sks; sourceTree = "<group>"; };
		2487508727D590060047FB91 /* BlueButtonTile.swift */ = {isa = PBXFileReference; lastKnownFileType = sourcecode.swift; path = BlueButtonTile.swift; sourceTree = "<group>"; };
		2487508927D5902F0047FB91 /* GreenButtonTile.swift */ = {isa = PBXFileReference; lastKnownFileType = sourcecode.swift; path = GreenButtonTile.swift; sourceTree = "<group>"; };
		2487508B27D5904E0047FB91 /* GreenOpenGateTile.swift */ = {isa = PBXFileReference; lastKnownFileType = sourcecode.swift; path = GreenOpenGateTile.swift; sourceTree = "<group>"; };
		2487508D27D590700047FB91 /* GreenClosedGateTile.swift */ = {isa = PBXFileReference; lastKnownFileType = sourcecode.swift; path = GreenClosedGateTile.swift; sourceTree = "<group>"; };
		24898711247C60C400617901 /* OrientationComponent.swift */ = {isa = PBXFileReference; lastKnownFileType = sourcecode.swift; path = OrientationComponent.swift; sourceTree = "<group>"; };
		2489871724AAF7C400617901 /* ChippyTests.xctest */ = {isa = PBXFileReference; explicitFileType = wrapper.cfbundle; includeInIndex = 0; path = ChippyTests.xctest; sourceTree = BUILT_PRODUCTS_DIR; };
		2489871924AAF7C400617901 /* OrientationAndMoveDirectionTests.swift */ = {isa = PBXFileReference; lastKnownFileType = sourcecode.swift; path = OrientationAndMoveDirectionTests.swift; sourceTree = "<group>"; };
		2489871B24AAF7C400617901 /* Info.plist */ = {isa = PBXFileReference; lastKnownFileType = text.plist.xml; path = Info.plist; sourceTree = "<group>"; };
		2489872124AFCDD800617901 /* ContactComponent.swift */ = {isa = PBXFileReference; lastKnownFileType = sourcecode.swift; path = ContactComponent.swift; sourceTree = "<group>"; };
		24A7586D25A03C87008678EE /* PlayerEffects.swift */ = {isa = PBXFileReference; lastKnownFileType = sourcecode.swift; path = PlayerEffects.swift; sourceTree = "<group>"; };
		24A7586F25A1554E008678EE /* IceTile.swift */ = {isa = PBXFileReference; lastKnownFileType = sourcecode.swift; path = IceTile.swift; sourceTree = "<group>"; };
		24CBD4671EDCEBEE00154179 /* BootTile.swift */ = {isa = PBXFileReference; fileEncoding = 4; lastKnownFileType = sourcecode.swift; path = BootTile.swift; sourceTree = "<group>"; };
		24D487471D3322CD00AC1095 /* Level1.sks */ = {isa = PBXFileReference; lastKnownFileType = file.sks; path = Level1.sks; sourceTree = "<group>"; };
		24F9D2682470F80E007E541C /* FireTile.swift */ = {isa = PBXFileReference; lastKnownFileType = sourcecode.swift; path = FireTile.swift; sourceTree = "<group>"; };
		24F9D270247104B4007E541C /* BoostTile.swift */ = {isa = PBXFileReference; lastKnownFileType = sourcecode.swift; path = BoostTile.swift; sourceTree = "<group>"; };
		24F9D2742471CD45007E541C /* SpriteComponent.swift */ = {isa = PBXFileReference; lastKnownFileType = sourcecode.swift; path = SpriteComponent.swift; sourceTree = "<group>"; };
		24F9D2782471CDB4007E541C /* EntityManager.swift */ = {isa = PBXFileReference; lastKnownFileType = sourcecode.swift; path = EntityManager.swift; sourceTree = "<group>"; };
		24F9D27A2471D00F007E541C /* BugMoveComponent.swift */ = {isa = PBXFileReference; lastKnownFileType = sourcecode.swift; path = BugMoveComponent.swift; sourceTree = "<group>"; };
		24F9D27C2479E9FA007E541C /* Level3.sks */ = {isa = PBXFileReference; lastKnownFileType = file.sks; path = Level3.sks; sourceTree = "<group>"; };
		24FA9F2A1EDCC66F0051F3E7 /* Tile2DArray.swift */ = {isa = PBXFileReference; fileEncoding = 4; lastKnownFileType = sourcecode.swift; path = Tile2DArray.swift; sourceTree = "<group>"; };
		24FDE3251FCA7C2C00814A9D /* DirtTile.swift */ = {isa = PBXFileReference; lastKnownFileType = sourcecode.swift; path = DirtTile.swift; sourceTree = "<group>"; };
		24FDE3271FCA7CB300814A9D /* WaterTile.swift */ = {isa = PBXFileReference; fileEncoding = 4; lastKnownFileType = sourcecode.swift; path = WaterTile.swift; sourceTree = "<group>"; };
/* End PBXFileReference section */

/* Begin PBXFrameworksBuildPhase section */
		24405ECA27D5942C001340DA /* Frameworks */ = {
			isa = PBXFrameworksBuildPhase;
			buildActionMask = 2147483647;
			files = (
			);
			runOnlyForDeploymentPostprocessing = 0;
		};
		2443373D1D31D552000E485B /* Frameworks */ = {
			isa = PBXFrameworksBuildPhase;
			buildActionMask = 2147483647;
			files = (
			);
			runOnlyForDeploymentPostprocessing = 0;
		};
		2489871424AAF7C400617901 /* Frameworks */ = {
			isa = PBXFrameworksBuildPhase;
			buildActionMask = 2147483647;
			files = (
			);
			runOnlyForDeploymentPostprocessing = 0;
		};
/* End PBXFrameworksBuildPhase section */

/* Begin PBXGroup section */
		24118C9B1E5A8BF3004A8AED /* Tiles */ = {
			isa = PBXGroup;
			children = (
				24118C9C1E5A8C22004A8AED /* TileManager.swift */,
				24118CA11E5A8CC8004A8AED /* Tile.swift */,
				24118C9E1E5A8CA5004A8AED /* TileTypes */,
				24FA9F2A1EDCC66F0051F3E7 /* Tile2DArray.swift */,
			);
			name = Tiles;
			sourceTree = "<group>";
		};
		24118C9E1E5A8CA5004A8AED /* TileTypes */ = {
			isa = PBXGroup;
			children = (
				24118CB81E5BD080004A8AED /* BaseTile.swift */,
				24118CAE1E5A9C80004A8AED /* HelpTile.swift */,
				2487508627D58F400047FB91 /* Interactible buttons and gates */,
				24F9D26B2470FFE2007E541C /* Elemental */,
				24F9D26C24710007007E541C /* Collectables */,
				24F9D26D2471011D007E541C /* Movable */,
			);
			name = TileTypes;
			sourceTree = "<group>";
		};
		24118CA31E5A8CE6004A8AED /* GameManager */ = {
			isa = PBXGroup;
			children = (
				24118CA41E5A8CF0004A8AED /* GameManager.swift */,
				24118CA61E5A8D12004A8AED /* Player.swift */,
				24A7586D25A03C87008678EE /* PlayerEffects.swift */,
			);
			name = GameManager;
			sourceTree = "<group>";
		};
		24118CBE1E625CAC004A8AED /* Levels */ = {
			isa = PBXGroup;
			children = (
				24118CBC1E6253B4004A8AED /* LevelRepository.swift */,
				24118CBF1E625CB7004A8AED /* LevelLoader.swift */,
			);
			name = Levels;
			sourceTree = "<group>";
		};
		24118CC31E638B2C004A8AED /* Levels */ = {
			isa = PBXGroup;
			children = (
				24D487471D3322CD00AC1095 /* Level1.sks */,
				24118CC81E6CB659004A8AED /* Level2.sks */,
				24F9D27C2479E9FA007E541C /* Level3.sks */,
				244B2E3D25AA60FD00DE1904 /* Level4.sks */,
				244B2E3F25AA651D00DE1904 /* Level5.sks */,
			);
			name = Levels;
			sourceTree = "<group>";
		};
		24405ECE27D5942C001340DA /* ChippyMac */ = {
			isa = PBXGroup;
			children = (
				24405ECF27D5942C001340DA /* AppDelegate.swift */,
				24405ED127D5942C001340DA /* GameScene.sks */,
				24405ED327D5942C001340DA /* Actions.sks */,
				24405ED727D5942C001340DA /* ViewController.swift */,
				24405ED927D5942D001340DA /* Assets.xcassets */,
				24405EDB27D5942D001340DA /* Main.storyboard */,
				24405EDE27D5942D001340DA /* ChippyMac.entitlements */,
			);
			path = ChippyMac;
			sourceTree = "<group>";
		};
		24405EE227D596CC001340DA /* SharedResources */ = {
			isa = PBXGroup;
			children = (
				24F9D2722471CD27007E541C /* Entities */,
				24118C9B1E5A8BF3004A8AED /* Tiles */,
				24F9D2732471CD2E007E541C /* Components */,
				24118CC31E638B2C004A8AED /* Levels */,
				24118CBE1E625CAC004A8AED /* Levels */,
				24118CAA1E5A93CC004A8AED /* Utils.swift */,
				24118CCE1E6CD1CF004A8AED /* CommonDefinitions.swift */,
				24118CA31E5A8CE6004A8AED /* GameManager */,
				2443375B1D31D84F000E485B /* TileSet.sks */,
				244337471D31D552000E485B /* Actions.sks */,
				244337491D31D552000E485B /* GameScene.swift */,
			);
			name = SharedResources;
			sourceTree = "<group>";
		};
		244337371D31D552000E485B = {
			isa = PBXGroup;
			children = (
				244337421D31D552000E485B /* Chippy */,
				2489871824AAF7C400617901 /* ChippyTests */,
				24405ECE27D5942C001340DA /* ChippyMac */,
				244337411D31D552000E485B /* Products */,
			);
			sourceTree = "<group>";
		};
		244337411D31D552000E485B /* Products */ = {
			isa = PBXGroup;
			children = (
				244337401D31D552000E485B /* Chippy.app */,
				2489871724AAF7C400617901 /* ChippyTests.xctest */,
				24405ECD27D5942C001340DA /* ChippyMac.app */,
			);
			name = Products;
			sourceTree = "<group>";
		};
		244337421D31D552000E485B /* Chippy */ = {
			isa = PBXGroup;
			children = (
				24405EE227D596CC001340DA /* SharedResources */,
				244337431D31D552000E485B /* AppDelegate.swift */,
				2443374B1D31D552000E485B /* GameViewController.swift */,
				2443374D1D31D552000E485B /* Main.storyboard */,
				244337501D31D552000E485B /* Assets.xcassets */,
				244337521D31D552000E485B /* LaunchScreen.storyboard */,
				24118CCA1E6CCB56004A8AED /* MonaShark.otf */,
				244337551D31D552000E485B /* Info.plist */,
			);
			path = Chippy;
			sourceTree = "<group>";
		};
		2445EABE24B8199B00A1D323 /* Support */ = {
			isa = PBXGroup;
			children = (
				2445EABF24B819B200A1D323 /* BaseTickableComponent.swift */,
			);
			name = Support;
			sourceTree = "<group>";
		};
		2487508627D58F400047FB91 /* Interactible buttons and gates */ = {
			isa = PBXGroup;
			children = (
				2487508727D590060047FB91 /* BlueButtonTile.swift */,
				2487508927D5902F0047FB91 /* GreenButtonTile.swift */,
				2487508B27D5904E0047FB91 /* GreenOpenGateTile.swift */,
				2487508D27D590700047FB91 /* GreenClosedGateTile.swift */,
			);
			name = "Interactible buttons and gates";
			sourceTree = "<group>";
		};
		2489871824AAF7C400617901 /* ChippyTests */ = {
			isa = PBXGroup;
			children = (
				2489871924AAF7C400617901 /* OrientationAndMoveDirectionTests.swift */,
				2489871B24AAF7C400617901 /* Info.plist */,
			);
			path = ChippyTests;
			sourceTree = "<group>";
		};
		24F9D26B2470FFE2007E541C /* Elemental */ = {
			isa = PBXGroup;
			children = (
				24118CAC1E5A9B85004A8AED /* BlockTile.swift */,
				24FDE3271FCA7CB300814A9D /* WaterTile.swift */,
				24118CA81E5A8EB3004A8AED /* FloorTile.swift */,
				24118CC61E6CB334004A8AED /* HomeTile.swift */,
				24FDE3251FCA7C2C00814A9D /* DirtTile.swift */,
				24F9D2682470F80E007E541C /* FireTile.swift */,
				24F9D270247104B4007E541C /* BoostTile.swift */,
				24A7586F25A1554E008678EE /* IceTile.swift */,
			);
			name = Elemental;
			sourceTree = "<group>";
		};
		24F9D26C24710007007E541C /* Collectables */ = {
			isa = PBXGroup;
			children = (
				24118C9F1E5A8CBC004A8AED /* ChipTile.swift */,
				24CBD4671EDCEBEE00154179 /* BootTile.swift */,
				24118CB01E5BC9ED004A8AED /* KeyTile.swift */,
				24118CBA1E5BD829004A8AED /* LockTile.swift */,
				24118CC11E638A1D004A8AED /* BoardTile.swift */,
			);
			name = Collectables;
			sourceTree = "<group>";
		};
		24F9D26D2471011D007E541C /* Movable */ = {
			isa = PBXGroup;
			children = (
				24118CCC1E6CCFA2004A8AED /* MovableBlock.swift */,
			);
			name = Movable;
			sourceTree = "<group>";
		};
		24F9D2722471CD27007E541C /* Entities */ = {
			isa = PBXGroup;
			children = (
				24F9D2782471CDB4007E541C /* EntityManager.swift */,
			);
			name = Entities;
			sourceTree = "<group>";
		};
		24F9D2732471CD2E007E541C /* Components */ = {
			isa = PBXGroup;
			children = (
				2445EABE24B8199B00A1D323 /* Support */,
				24F9D2742471CD45007E541C /* SpriteComponent.swift */,
				24F9D27A2471D00F007E541C /* BugMoveComponent.swift */,
				24898711247C60C400617901 /* OrientationComponent.swift */,
				2489872124AFCDD800617901 /* ContactComponent.swift */,
			);
			name = Components;
			sourceTree = "<group>";
		};
/* End PBXGroup section */

/* Begin PBXNativeTarget section */
		24405ECC27D5942C001340DA /* ChippyMac */ = {
			isa = PBXNativeTarget;
			buildConfigurationList = 24405EDF27D5942D001340DA /* Build configuration list for PBXNativeTarget "ChippyMac" */;
			buildPhases = (
				24405EC927D5942C001340DA /* Sources */,
				24405ECA27D5942C001340DA /* Frameworks */,
				24405ECB27D5942C001340DA /* Resources */,
			);
			buildRules = (
			);
			dependencies = (
			);
			name = ChippyMac;
			productName = ChippyMac;
			productReference = 24405ECD27D5942C001340DA /* ChippyMac.app */;
			productType = "com.apple.product-type.application";
		};
		2443373F1D31D552000E485B /* Chippy */ = {
			isa = PBXNativeTarget;
			buildConfigurationList = 244337581D31D552000E485B /* Build configuration list for PBXNativeTarget "Chippy" */;
			buildPhases = (
				2443373C1D31D552000E485B /* Sources */,
				2443373D1D31D552000E485B /* Frameworks */,
				2443373E1D31D552000E485B /* Resources */,
			);
			buildRules = (
			);
			dependencies = (
			);
			name = Chippy;
			productName = Chippy;
			productReference = 244337401D31D552000E485B /* Chippy.app */;
			productType = "com.apple.product-type.application";
		};
		2489871624AAF7C400617901 /* ChippyTests */ = {
			isa = PBXNativeTarget;
			buildConfigurationList = 2489871E24AAF7C500617901 /* Build configuration list for PBXNativeTarget "ChippyTests" */;
			buildPhases = (
				2489871324AAF7C400617901 /* Sources */,
				2489871424AAF7C400617901 /* Frameworks */,
				2489871524AAF7C400617901 /* Resources */,
			);
			buildRules = (
			);
			dependencies = (
				2489871D24AAF7C400617901 /* PBXTargetDependency */,
			);
			name = ChippyTests;
			productName = ChippyTests;
			productReference = 2489871724AAF7C400617901 /* ChippyTests.xctest */;
			productType = "com.apple.product-type.bundle.unit-test";
		};
/* End PBXNativeTarget section */

/* Begin PBXProject section */
		244337381D31D552000E485B /* Project object */ = {
			isa = PBXProject;
			attributes = {
				LastSwiftUpdateCheck = 1330;
				LastUpgradeCheck = 1330;
				ORGANIZATIONNAME = DanielBeard;
				TargetAttributes = {
					24405ECC27D5942C001340DA = {
						CreatedOnToolsVersion = 13.3;
						DevelopmentTeam = 6T8835Q6XM;
						ProvisioningStyle = Automatic;
					};
					2443373F1D31D552000E485B = {
						CreatedOnToolsVersion = 8.0;
						DevelopmentTeam = 6T8835Q6XM;
						DevelopmentTeamName = "Daniel Beard";
						LastSwiftMigration = 1030;
						ProvisioningStyle = Automatic;
					};
					2489871624AAF7C400617901 = {
						CreatedOnToolsVersion = 11.4.1;
						ProvisioningStyle = Automatic;
						TestTargetID = 2443373F1D31D552000E485B;
					};
				};
			};
			buildConfigurationList = 2443373B1D31D552000E485B /* Build configuration list for PBXProject "Chippy" */;
			compatibilityVersion = "Xcode 3.2";
			developmentRegion = en;
			hasScannedForEncodings = 0;
			knownRegions = (
				en,
				Base,
			);
			mainGroup = 244337371D31D552000E485B;
			productRefGroup = 244337411D31D552000E485B /* Products */;
			projectDirPath = "";
			projectRoot = "";
			targets = (
				2443373F1D31D552000E485B /* Chippy */,
				2489871624AAF7C400617901 /* ChippyTests */,
				24405ECC27D5942C001340DA /* ChippyMac */,
			);
		};
/* End PBXProject section */

/* Begin PBXResourcesBuildPhase section */
		24405ECB27D5942C001340DA /* Resources */ = {
			isa = PBXResourcesBuildPhase;
			buildActionMask = 2147483647;
			files = (
				24405EE527D5979C001340DA /* TileSet.sks in Resources */,
				24405ED227D5942C001340DA /* GameScene.sks in Resources */,
				24405EED27D597B8001340DA /* Level5.sks in Resources */,
				24405EEF27D597BE001340DA /* Level3.sks in Resources */,
				24405EDA27D5942D001340DA /* Assets.xcassets in Resources */,
				24405ED427D5942C001340DA /* Actions.sks in Resources */,
				24405EEE27D597BC001340DA /* Level4.sks in Resources */,
				24405EDD27D5942D001340DA /* Main.storyboard in Resources */,
				24405EE427D59798001340DA /* Actions.sks in Resources */,
				24405EF127D597C4001340DA /* Level1.sks in Resources */,
				24405EF027D597C1001340DA /* Level2.sks in Resources */,
			);
			runOnlyForDeploymentPostprocessing = 0;
		};
		2443373E1D31D552000E485B /* Resources */ = {
			isa = PBXResourcesBuildPhase;
			buildActionMask = 2147483647;
			files = (
				244B2E4025AA651D00DE1904 /* Level5.sks in Resources */,
				2443375C1D31D84F000E485B /* TileSet.sks in Resources */,
				24118CCB1E6CCB56004A8AED /* MonaShark.otf in Resources */,
				2443374F1D31D552000E485B /* Main.storyboard in Resources */,
				24F9D27D2479E9FA007E541C /* Level3.sks in Resources */,
				244337511D31D552000E485B /* Assets.xcassets in Resources */,
				244337541D31D552000E485B /* LaunchScreen.storyboard in Resources */,
				24D487481D3322CD00AC1095 /* Level1.sks in Resources */,
				24118CC91E6CB659004A8AED /* Level2.sks in Resources */,
				244337481D31D552000E485B /* Actions.sks in Resources */,
				244B2E3E25AA60FE00DE1904 /* Level4.sks in Resources */,
			);
			runOnlyForDeploymentPostprocessing = 0;
		};
		2489871524AAF7C400617901 /* Resources */ = {
			isa = PBXResourcesBuildPhase;
			buildActionMask = 2147483647;
			files = (
			);
			runOnlyForDeploymentPostprocessing = 0;
		};
/* End PBXResourcesBuildPhase section */

/* Begin PBXSourcesBuildPhase section */
		24405EC927D5942C001340DA /* Sources */ = {
			isa = PBXSourcesBuildPhase;
			buildActionMask = 2147483647;
			files = (
				24405F0927D59813001340DA /* GreenOpenGateTile.swift in Sources */,
				24405F0D27D5981A001340DA /* TileManager.swift in Sources */,
				24405EF927D597ED001340DA /* BoardTile.swift in Sources */,
				24405F0C27D5981A001340DA /* Tile.swift in Sources */,
				24405EE927D597A9001340DA /* CommonDefinitions.swift in Sources */,
				24405EEB27D597B0001340DA /* LevelLoader.swift in Sources */,
				24405F0527D5980C001340DA /* WaterTile.swift in Sources */,
				24405EFB27D597FD001340DA /* KeyTile.swift in Sources */,
				24405EF527D597D7001340DA /* SpriteComponent.swift in Sources */,
				24405EF627D597DC001340DA /* BaseTickableComponent.swift in Sources */,
				24405EE327D59792001340DA /* GameScene.swift in Sources */,
				24405EE827D597A6001340DA /* GameManager.swift in Sources */,
				24405EFA27D597F0001340DA /* LockTile.swift in Sources */,
				24405EFC27D59800001340DA /* BootTile.swift in Sources */,
				24405F0B27D59816001340DA /* HelpTile.swift in Sources */,
				24405EFF27D5980C001340DA /* FloorTile.swift in Sources */,
				24405EF827D597E8001340DA /* MovableBlock.swift in Sources */,
				24405ED827D5942C001340DA /* ViewController.swift in Sources */,
				24405F0727D59813001340DA /* GreenClosedGateTile.swift in Sources */,
				24405F0427D5980C001340DA /* HomeTile.swift in Sources */,
				24405F0E27D5981F001340DA /* EntityManager.swift in Sources */,
				24405ED027D5942C001340DA /* AppDelegate.swift in Sources */,
				24405EE727D597A3001340DA /* Player.swift in Sources */,
				24405EFE27D59808001340DA /* IceTile.swift in Sources */,
				24405F0A27D59816001340DA /* BaseTile.swift in Sources */,
				24405EE627D597A0001340DA /* PlayerEffects.swift in Sources */,
				24405F0827D59813001340DA /* GreenButtonTile.swift in Sources */,
				24405EFD27D59803001340DA /* ChipTile.swift in Sources */,
				24405F0027D5980C001340DA /* BoostTile.swift in Sources */,
				24405F0627D59813001340DA /* BlueButtonTile.swift in Sources */,
				24405F0227D5980C001340DA /* DirtTile.swift in Sources */,
				24405EF327D597CC001340DA /* OrientationComponent.swift in Sources */,
				24405EEC27D597B4001340DA /* LevelRepository.swift in Sources */,
				24405F0127D5980C001340DA /* FireTile.swift in Sources */,
				24405EF427D597D3001340DA /* BugMoveComponent.swift in Sources */,
				24405EEA27D597AC001340DA /* Utils.swift in Sources */,
				24405EF227D597C9001340DA /* ContactComponent.swift in Sources */,
				24405EF727D597E2001340DA /* Tile2DArray.swift in Sources */,
				24405F0327D5980C001340DA /* BlockTile.swift in Sources */,
			);
			runOnlyForDeploymentPostprocessing = 0;
		};
		2443373C1D31D552000E485B /* Sources */ = {
			isa = PBXSourcesBuildPhase;
			buildActionMask = 2147483647;
			files = (
				24118CC21E638A1D004A8AED /* BoardTile.swift in Sources */,
				24118CAF1E5A9C80004A8AED /* HelpTile.swift in Sources */,
				24118CBB1E5BD829004A8AED /* LockTile.swift in Sources */,
				24F9D2792471CDB4007E541C /* EntityManager.swift in Sources */,
				24FDE3261FCA7C2C00814A9D /* DirtTile.swift in Sources */,
				24FA9F2B1EDCC66F0051F3E7 /* Tile2DArray.swift in Sources */,
				2487508C27D5904E0047FB91 /* GreenOpenGateTile.swift in Sources */,
				24118CAD1E5A9B85004A8AED /* BlockTile.swift in Sources */,
				2443374A1D31D552000E485B /* GameScene.swift in Sources */,
				24118CA91E5A8EB3004A8AED /* FloorTile.swift in Sources */,
				24118C9D1E5A8C22004A8AED /* TileManager.swift in Sources */,
				24118CCF1E6CD1CF004A8AED /* CommonDefinitions.swift in Sources */,
				24118CC01E625CB7004A8AED /* LevelLoader.swift in Sources */,
				24118CB11E5BC9ED004A8AED /* KeyTile.swift in Sources */,
				2487508827D590060047FB91 /* BlueButtonTile.swift in Sources */,
				24118CB91E5BD080004A8AED /* BaseTile.swift in Sources */,
				24118CCD1E6CCFA2004A8AED /* MovableBlock.swift in Sources */,
				2443374C1D31D552000E485B /* GameViewController.swift in Sources */,
				24A7586E25A03C87008678EE /* PlayerEffects.swift in Sources */,
				24118CC71E6CB334004A8AED /* HomeTile.swift in Sources */,
				24CBD4681EDCEBEE00154179 /* BootTile.swift in Sources */,
				2489872224AFCDD800617901 /* ContactComponent.swift in Sources */,
				24F9D2752471CD45007E541C /* SpriteComponent.swift in Sources */,
				24118CA51E5A8CF0004A8AED /* GameManager.swift in Sources */,
				2445EAC024B819B200A1D323 /* BaseTickableComponent.swift in Sources */,
				24898712247C60C400617901 /* OrientationComponent.swift in Sources */,
				24FDE3281FCA7CB400814A9D /* WaterTile.swift in Sources */,
				24118CAB1E5A93CC004A8AED /* Utils.swift in Sources */,
				24118CBD1E6253B4004A8AED /* LevelRepository.swift in Sources */,
				24F9D2692470F80E007E541C /* FireTile.swift in Sources */,
				24F9D27B2471D00F007E541C /* BugMoveComponent.swift in Sources */,
				24F9D271247104B4007E541C /* BoostTile.swift in Sources */,
				24A7587025A1554E008678EE /* IceTile.swift in Sources */,
				24118CA71E5A8D12004A8AED /* Player.swift in Sources */,
				2487508E27D590700047FB91 /* GreenClosedGateTile.swift in Sources */,
				24118CA21E5A8CC8004A8AED /* Tile.swift in Sources */,
				244337441D31D552000E485B /* AppDelegate.swift in Sources */,
				2487508A27D5902F0047FB91 /* GreenButtonTile.swift in Sources */,
				24118CA01E5A8CBC004A8AED /* ChipTile.swift in Sources */,
			);
			runOnlyForDeploymentPostprocessing = 0;
		};
		2489871324AAF7C400617901 /* Sources */ = {
			isa = PBXSourcesBuildPhase;
			buildActionMask = 2147483647;
			files = (
				2489871A24AAF7C400617901 /* OrientationAndMoveDirectionTests.swift in Sources */,
			);
			runOnlyForDeploymentPostprocessing = 0;
		};
/* End PBXSourcesBuildPhase section */

/* Begin PBXTargetDependency section */
		2489871D24AAF7C400617901 /* PBXTargetDependency */ = {
			isa = PBXTargetDependency;
			target = 2443373F1D31D552000E485B /* Chippy */;
			targetProxy = 2489871C24AAF7C400617901 /* PBXContainerItemProxy */;
		};
/* End PBXTargetDependency section */

/* Begin PBXVariantGroup section */
		24405EDB27D5942D001340DA /* Main.storyboard */ = {
			isa = PBXVariantGroup;
			children = (
				24405EDC27D5942D001340DA /* Base */,
			);
			name = Main.storyboard;
			sourceTree = "<group>";
		};
		2443374D1D31D552000E485B /* Main.storyboard */ = {
			isa = PBXVariantGroup;
			children = (
				2443374E1D31D552000E485B /* Base */,
			);
			name = Main.storyboard;
			sourceTree = "<group>";
		};
		244337521D31D552000E485B /* LaunchScreen.storyboard */ = {
			isa = PBXVariantGroup;
			children = (
				244337531D31D552000E485B /* Base */,
			);
			name = LaunchScreen.storyboard;
			sourceTree = "<group>";
		};
/* End PBXVariantGroup section */

/* Begin XCBuildConfiguration section */
		24405EE027D5942D001340DA /* Debug */ = {
			isa = XCBuildConfiguration;
			buildSettings = {
				ASSETCATALOG_COMPILER_APPICON_NAME = AppIcon;
				ASSETCATALOG_COMPILER_GLOBAL_ACCENT_COLOR_NAME = AccentColor;
				CLANG_ANALYZER_NUMBER_OBJECT_CONVERSION = YES_AGGRESSIVE;
				CLANG_CXX_LANGUAGE_STANDARD = "gnu++17";
				CLANG_ENABLE_OBJC_WEAK = YES;
				CLANG_WARN_UNGUARDED_AVAILABILITY = YES_AGGRESSIVE;
				CODE_SIGN_ENTITLEMENTS = ChippyMac/ChippyMac.entitlements;
				CODE_SIGN_STYLE = Automatic;
				COMBINE_HIDPI_IMAGES = YES;
				CURRENT_PROJECT_VERSION = 1;
				DEBUG_INFORMATION_FORMAT = dwarf;
				DEVELOPMENT_TEAM = 6T8835Q6XM;
				ENABLE_HARDENED_RUNTIME = YES;
				GCC_C_LANGUAGE_STANDARD = gnu11;
				GENERATE_INFOPLIST_FILE = YES;
				INFOPLIST_KEY_NSHumanReadableCopyright = "Copyright © 2022 DanielBeard. All rights reserved.";
				INFOPLIST_KEY_NSMainStoryboardFile = Main;
				INFOPLIST_KEY_NSPrincipalClass = NSApplication;
				LD_RUNPATH_SEARCH_PATHS = "$(inherited) @executable_path/../Frameworks";
				MACOSX_DEPLOYMENT_TARGET = 12.2;
				MARKETING_VERSION = 1.0;
				MTL_ENABLE_DEBUG_INFO = INCLUDE_SOURCE;
				MTL_FAST_MATH = YES;
				PRODUCT_BUNDLE_IDENTIFIER = io.danielbeard.ChippyMac;
				PRODUCT_NAME = "$(TARGET_NAME)";
				SDKROOT = macosx;
				SWIFT_EMIT_LOC_STRINGS = YES;
				SWIFT_VERSION = 5.0;
			};
			name = Debug;
		};
		24405EE127D5942D001340DA /* Release */ = {
			isa = XCBuildConfiguration;
			buildSettings = {
				ASSETCATALOG_COMPILER_APPICON_NAME = AppIcon;
				ASSETCATALOG_COMPILER_GLOBAL_ACCENT_COLOR_NAME = AccentColor;
				CLANG_ANALYZER_NUMBER_OBJECT_CONVERSION = YES_AGGRESSIVE;
				CLANG_CXX_LANGUAGE_STANDARD = "gnu++17";
				CLANG_ENABLE_OBJC_WEAK = YES;
				CLANG_WARN_UNGUARDED_AVAILABILITY = YES_AGGRESSIVE;
				CODE_SIGN_ENTITLEMENTS = ChippyMac/ChippyMac.entitlements;
				CODE_SIGN_STYLE = Automatic;
				COMBINE_HIDPI_IMAGES = YES;
				CURRENT_PROJECT_VERSION = 1;
				DEVELOPMENT_TEAM = 6T8835Q6XM;
				ENABLE_HARDENED_RUNTIME = YES;
				GCC_C_LANGUAGE_STANDARD = gnu11;
				GENERATE_INFOPLIST_FILE = YES;
				INFOPLIST_KEY_NSHumanReadableCopyright = "Copyright © 2022 DanielBeard. All rights reserved.";
				INFOPLIST_KEY_NSMainStoryboardFile = Main;
				INFOPLIST_KEY_NSPrincipalClass = NSApplication;
				LD_RUNPATH_SEARCH_PATHS = "$(inherited) @executable_path/../Frameworks";
				MACOSX_DEPLOYMENT_TARGET = 12.2;
				MARKETING_VERSION = 1.0;
				MTL_FAST_MATH = YES;
				PRODUCT_BUNDLE_IDENTIFIER = io.danielbeard.ChippyMac;
				PRODUCT_NAME = "$(TARGET_NAME)";
				SDKROOT = macosx;
				SWIFT_EMIT_LOC_STRINGS = YES;
				SWIFT_VERSION = 5.0;
			};
			name = Release;
		};
		244337561D31D552000E485B /* Debug */ = {
			isa = XCBuildConfiguration;
			buildSettings = {
				ALWAYS_SEARCH_USER_PATHS = NO;
				CLANG_ANALYZER_LOCALIZABILITY_NONLOCALIZED = YES;
				CLANG_ANALYZER_NONNULL = YES;
				CLANG_CXX_LANGUAGE_STANDARD = "gnu++0x";
				CLANG_CXX_LIBRARY = "libc++";
				CLANG_ENABLE_MODULES = YES;
				CLANG_ENABLE_OBJC_ARC = YES;
				CLANG_WARN_BLOCK_CAPTURE_AUTORELEASING = YES;
				CLANG_WARN_BOOL_CONVERSION = YES;
				CLANG_WARN_COMMA = YES;
				CLANG_WARN_CONSTANT_CONVERSION = YES;
				CLANG_WARN_DEPRECATED_OBJC_IMPLEMENTATIONS = YES;
				CLANG_WARN_DIRECT_OBJC_ISA_USAGE = YES_ERROR;
				CLANG_WARN_DOCUMENTATION_COMMENTS = YES;
				CLANG_WARN_EMPTY_BODY = YES;
				CLANG_WARN_ENUM_CONVERSION = YES;
				CLANG_WARN_INFINITE_RECURSION = YES;
				CLANG_WARN_INT_CONVERSION = YES;
				CLANG_WARN_NON_LITERAL_NULL_CONVERSION = YES;
				CLANG_WARN_OBJC_IMPLICIT_RETAIN_SELF = YES;
				CLANG_WARN_OBJC_LITERAL_CONVERSION = YES;
				CLANG_WARN_OBJC_ROOT_CLASS = YES_ERROR;
				CLANG_WARN_QUOTED_INCLUDE_IN_FRAMEWORK_HEADER = YES;
				CLANG_WARN_RANGE_LOOP_ANALYSIS = YES;
				CLANG_WARN_STRICT_PROTOTYPES = YES;
				CLANG_WARN_SUSPICIOUS_MOVE = YES;
				CLANG_WARN_UNREACHABLE_CODE = YES;
				CLANG_WARN__DUPLICATE_METHOD_MATCH = YES;
				"CODE_SIGN_IDENTITY[sdk=iphoneos*]" = "iPhone Developer";
				COPY_PHASE_STRIP = NO;
				DEBUG_INFORMATION_FORMAT = "dwarf-with-dsym";
				ENABLE_STRICT_OBJC_MSGSEND = YES;
				ENABLE_TESTABILITY = YES;
				GCC_C_LANGUAGE_STANDARD = gnu99;
				GCC_DYNAMIC_NO_PIC = NO;
				GCC_NO_COMMON_BLOCKS = YES;
				GCC_OPTIMIZATION_LEVEL = 0;
				GCC_PREPROCESSOR_DEFINITIONS = (
					"DEBUG=1",
					"$(inherited)",
				);
				GCC_WARN_64_TO_32_BIT_CONVERSION = YES;
				GCC_WARN_ABOUT_RETURN_TYPE = YES_ERROR;
				GCC_WARN_UNDECLARED_SELECTOR = YES;
				GCC_WARN_UNINITIALIZED_AUTOS = YES_AGGRESSIVE;
				GCC_WARN_UNUSED_FUNCTION = YES;
				GCC_WARN_UNUSED_VARIABLE = YES;
				IPHONEOS_DEPLOYMENT_TARGET = 15.0;
				MTL_ENABLE_DEBUG_INFO = YES;
				ONLY_ACTIVE_ARCH = YES;
				SDKROOT = iphoneos;
				SWIFT_ACTIVE_COMPILATION_CONDITIONS = DEBUG;
				SWIFT_OPTIMIZATION_LEVEL = "-Onone";
				TARGETED_DEVICE_FAMILY = "1,2";
			};
			name = Debug;
		};
		244337571D31D552000E485B /* Release */ = {
			isa = XCBuildConfiguration;
			buildSettings = {
				ALWAYS_SEARCH_USER_PATHS = NO;
				CLANG_ANALYZER_LOCALIZABILITY_NONLOCALIZED = YES;
				CLANG_ANALYZER_NONNULL = YES;
				CLANG_CXX_LANGUAGE_STANDARD = "gnu++0x";
				CLANG_CXX_LIBRARY = "libc++";
				CLANG_ENABLE_MODULES = YES;
				CLANG_ENABLE_OBJC_ARC = YES;
				CLANG_WARN_BLOCK_CAPTURE_AUTORELEASING = YES;
				CLANG_WARN_BOOL_CONVERSION = YES;
				CLANG_WARN_COMMA = YES;
				CLANG_WARN_CONSTANT_CONVERSION = YES;
				CLANG_WARN_DEPRECATED_OBJC_IMPLEMENTATIONS = YES;
				CLANG_WARN_DIRECT_OBJC_ISA_USAGE = YES_ERROR;
				CLANG_WARN_DOCUMENTATION_COMMENTS = YES;
				CLANG_WARN_EMPTY_BODY = YES;
				CLANG_WARN_ENUM_CONVERSION = YES;
				CLANG_WARN_INFINITE_RECURSION = YES;
				CLANG_WARN_INT_CONVERSION = YES;
				CLANG_WARN_NON_LITERAL_NULL_CONVERSION = YES;
				CLANG_WARN_OBJC_IMPLICIT_RETAIN_SELF = YES;
				CLANG_WARN_OBJC_LITERAL_CONVERSION = YES;
				CLANG_WARN_OBJC_ROOT_CLASS = YES_ERROR;
				CLANG_WARN_QUOTED_INCLUDE_IN_FRAMEWORK_HEADER = YES;
				CLANG_WARN_RANGE_LOOP_ANALYSIS = YES;
				CLANG_WARN_STRICT_PROTOTYPES = YES;
				CLANG_WARN_SUSPICIOUS_MOVE = YES;
				CLANG_WARN_UNREACHABLE_CODE = YES;
				CLANG_WARN__DUPLICATE_METHOD_MATCH = YES;
				"CODE_SIGN_IDENTITY[sdk=iphoneos*]" = "iPhone Developer";
				COPY_PHASE_STRIP = NO;
				DEBUG_INFORMATION_FORMAT = "dwarf-with-dsym";
				ENABLE_NS_ASSERTIONS = NO;
				ENABLE_STRICT_OBJC_MSGSEND = YES;
				GCC_C_LANGUAGE_STANDARD = gnu99;
				GCC_NO_COMMON_BLOCKS = YES;
				GCC_WARN_64_TO_32_BIT_CONVERSION = YES;
				GCC_WARN_ABOUT_RETURN_TYPE = YES_ERROR;
				GCC_WARN_UNDECLARED_SELECTOR = YES;
				GCC_WARN_UNINITIALIZED_AUTOS = YES_AGGRESSIVE;
				GCC_WARN_UNUSED_FUNCTION = YES;
				GCC_WARN_UNUSED_VARIABLE = YES;
				IPHONEOS_DEPLOYMENT_TARGET = 15.0;
				MTL_ENABLE_DEBUG_INFO = NO;
				SDKROOT = iphoneos;
				SWIFT_OPTIMIZATION_LEVEL = "-Owholemodule";
				TARGETED_DEVICE_FAMILY = "1,2";
				VALIDATE_PRODUCT = YES;
			};
			name = Release;
		};
		244337591D31D552000E485B /* Debug */ = {
			isa = XCBuildConfiguration;
			buildSettings = {
				ASSETCATALOG_COMPILER_APPICON_NAME = AppIcon;
				DEVELOPMENT_TEAM = 6T8835Q6XM;
				INFOPLIST_FILE = Chippy/Info.plist;
				IPHONEOS_DEPLOYMENT_TARGET = 15.0;
				LD_RUNPATH_SEARCH_PATHS = "$(inherited) @executable_path/Frameworks";
				PRODUCT_BUNDLE_IDENTIFIER = com.danielbeard.Chippy;
				PRODUCT_NAME = "$(TARGET_NAME)";
				SWIFT_VERSION = 5.0;
			};
			name = Debug;
		};
		2443375A1D31D552000E485B /* Release */ = {
			isa = XCBuildConfiguration;
			buildSettings = {
				ASSETCATALOG_COMPILER_APPICON_NAME = AppIcon;
				DEVELOPMENT_TEAM = 6T8835Q6XM;
				INFOPLIST_FILE = Chippy/Info.plist;
				IPHONEOS_DEPLOYMENT_TARGET = 15.0;
				LD_RUNPATH_SEARCH_PATHS = "$(inherited) @executable_path/Frameworks";
				PRODUCT_BUNDLE_IDENTIFIER = com.danielbeard.Chippy;
				PRODUCT_NAME = "$(TARGET_NAME)";
				SWIFT_VERSION = 5.0;
			};
			name = Release;
		};
		2489871F24AAF7C500617901 /* Debug */ = {
			isa = XCBuildConfiguration;
			buildSettings = {
				BUNDLE_LOADER = "$(TEST_HOST)";
				CLANG_ANALYZER_NUMBER_OBJECT_CONVERSION = YES_AGGRESSIVE;
				CLANG_CXX_LANGUAGE_STANDARD = "gnu++14";
				CLANG_ENABLE_OBJC_WEAK = YES;
				CLANG_WARN_UNGUARDED_AVAILABILITY = YES_AGGRESSIVE;
				CODE_SIGN_STYLE = Automatic;
				DEBUG_INFORMATION_FORMAT = dwarf;
				GCC_C_LANGUAGE_STANDARD = gnu11;
				INFOPLIST_FILE = ChippyTests/Info.plist;
				IPHONEOS_DEPLOYMENT_TARGET = 13.4;
				LD_RUNPATH_SEARCH_PATHS = "$(inherited) @executable_path/Frameworks @loader_path/Frameworks";
				MTL_ENABLE_DEBUG_INFO = INCLUDE_SOURCE;
				MTL_FAST_MATH = YES;
				PRODUCT_BUNDLE_IDENTIFIER = io.dbeard.ChippyTests;
				PRODUCT_NAME = "$(TARGET_NAME)";
				SWIFT_VERSION = 5.0;
				TARGETED_DEVICE_FAMILY = "1,2";
				TEST_HOST = "$(BUILT_PRODUCTS_DIR)/Chippy.app/Chippy";
			};
			name = Debug;
		};
		2489872024AAF7C500617901 /* Release */ = {
			isa = XCBuildConfiguration;
			buildSettings = {
				BUNDLE_LOADER = "$(TEST_HOST)";
				CLANG_ANALYZER_NUMBER_OBJECT_CONVERSION = YES_AGGRESSIVE;
				CLANG_CXX_LANGUAGE_STANDARD = "gnu++14";
				CLANG_ENABLE_OBJC_WEAK = YES;
				CLANG_WARN_UNGUARDED_AVAILABILITY = YES_AGGRESSIVE;
				CODE_SIGN_STYLE = Automatic;
				GCC_C_LANGUAGE_STANDARD = gnu11;
				INFOPLIST_FILE = ChippyTests/Info.plist;
				IPHONEOS_DEPLOYMENT_TARGET = 13.4;
				LD_RUNPATH_SEARCH_PATHS = "$(inherited) @executable_path/Frameworks @loader_path/Frameworks";
				MTL_FAST_MATH = YES;
				PRODUCT_BUNDLE_IDENTIFIER = io.dbeard.ChippyTests;
				PRODUCT_NAME = "$(TARGET_NAME)";
				SWIFT_VERSION = 5.0;
				TARGETED_DEVICE_FAMILY = "1,2";
				TEST_HOST = "$(BUILT_PRODUCTS_DIR)/Chippy.app/Chippy";
			};
			name = Release;
		};
/* End XCBuildConfiguration section */

/* Begin XCConfigurationList section */
		24405EDF27D5942D001340DA /* Build configuration list for PBXNativeTarget "ChippyMac" */ = {
			isa = XCConfigurationList;
			buildConfigurations = (
				24405EE027D5942D001340DA /* Debug */,
				24405EE127D5942D001340DA /* Release */,
			);
			defaultConfigurationIsVisible = 0;
			defaultConfigurationName = Release;
		};
		2443373B1D31D552000E485B /* Build configuration list for PBXProject "Chippy" */ = {
			isa = XCConfigurationList;
			buildConfigurations = (
				244337561D31D552000E485B /* Debug */,
				244337571D31D552000E485B /* Release */,
			);
			defaultConfigurationIsVisible = 0;
			defaultConfigurationName = Release;
		};
		244337581D31D552000E485B /* Build configuration list for PBXNativeTarget "Chippy" */ = {
			isa = XCConfigurationList;
			buildConfigurations = (
				244337591D31D552000E485B /* Debug */,
				2443375A1D31D552000E485B /* Release */,
			);
			defaultConfigurationIsVisible = 0;
			defaultConfigurationName = Release;
		};
		2489871E24AAF7C500617901 /* Build configuration list for PBXNativeTarget "ChippyTests" */ = {
			isa = XCConfigurationList;
			buildConfigurations = (
				2489871F24AAF7C500617901 /* Debug */,
				2489872024AAF7C500617901 /* Release */,
			);
			defaultConfigurationIsVisible = 0;
			defaultConfigurationName = Release;
		};
/* End XCConfigurationList section */
	};
	rootObject = 244337381D31D552000E485B /* Project object */;
}
