// !$*UTF8*$!
{
	archiveVersion = 1;
	classes = {
	};
	objectVersion = 46;
	objects = {

/* Begin PBXBuildFile section */
		24118C9D1E5A8C22004A8AED /* TileManager.swift in Sources */ = {isa = PBXBuildFile; fileRef = 24118C9C1E5A8C22004A8AED /* TileManager.swift */; };
		24118CA01E5A8CBC004A8AED /* ChipTile.swift in Sources */ = {isa = PBXBuildFile; fileRef = 24118C9F1E5A8CBC004A8AED /* ChipTile.swift */; };
		24118CA21E5A8CC8004A8AED /* Tile.swift in Sources */ = {isa = PBXBuildFile; fileRef = 24118CA11E5A8CC8004A8AED /* Tile.swift */; };
		24118CA51E5A8CF0004A8AED /* GameManager.swift in Sources */ = {isa = PBXBuildFile; fileRef = 24118CA41E5A8CF0004A8AED /* GameManager.swift */; };
		24118CA71E5A8D12004A8AED /* Player.swift in Sources */ = {isa = PBXBuildFile; fileRef = 24118CA61E5A8D12004A8AED /* Player.swift */; };
		24118CA91E5A8EB3004A8AED /* FloorTile.swift in Sources */ = {isa = PBXBuildFile; fileRef = 24118CA81E5A8EB3004A8AED /* FloorTile.swift */; };
		24118CAB1E5A93CC004A8AED /* Utils.swift in Sources */ = {isa = PBXBuildFile; fileRef = 24118CAA1E5A93CC004A8AED /* Utils.swift */; };
		24118CAD1E5A9B85004A8AED /* BlockTile.swift in Sources */ = {isa = PBXBuildFile; fileRef = 24118CAC1E5A9B85004A8AED /* BlockTile.swift */; };
		24118CAF1E5A9C80004A8AED /* HelpTile.swift in Sources */ = {isa = PBXBuildFile; fileRef = 24118CAE1E5A9C80004A8AED /* HelpTile.swift */; };
		24118CB11E5BC9ED004A8AED /* KeyTile.swift in Sources */ = {isa = PBXBuildFile; fileRef = 24118CB01E5BC9ED004A8AED /* KeyTile.swift */; };
		24118CB91E5BD080004A8AED /* BaseTile.swift in Sources */ = {isa = PBXBuildFile; fileRef = 24118CB81E5BD080004A8AED /* BaseTile.swift */; };
		24118CBB1E5BD829004A8AED /* LockTile.swift in Sources */ = {isa = PBXBuildFile; fileRef = 24118CBA1E5BD829004A8AED /* LockTile.swift */; };
		24118CBD1E6253B4004A8AED /* LevelRepository.swift in Sources */ = {isa = PBXBuildFile; fileRef = 24118CBC1E6253B4004A8AED /* LevelRepository.swift */; };
		24118CC01E625CB7004A8AED /* LevelLoader.swift in Sources */ = {isa = PBXBuildFile; fileRef = 24118CBF1E625CB7004A8AED /* LevelLoader.swift */; };
		24118CC21E638A1D004A8AED /* BoardTile.swift in Sources */ = {isa = PBXBuildFile; fileRef = 24118CC11E638A1D004A8AED /* BoardTile.swift */; };
		24118CC71E6CB334004A8AED /* HomeTile.swift in Sources */ = {isa = PBXBuildFile; fileRef = 24118CC61E6CB334004A8AED /* HomeTile.swift */; };
		24118CC91E6CB659004A8AED /* Level2.sks in Resources */ = {isa = PBXBuildFile; fileRef = 24118CC81E6CB659004A8AED /* Level2.sks */; };
		24118CCB1E6CCB56004A8AED /* MonaShark.otf in Resources */ = {isa = PBXBuildFile; fileRef = 24118CCA1E6CCB56004A8AED /* MonaShark.otf */; };
		24118CCD1E6CCFA2004A8AED /* MovableBlock.swift in Sources */ = {isa = PBXBuildFile; fileRef = 24118CCC1E6CCFA2004A8AED /* MovableBlock.swift */; };
		24118CCF1E6CD1CF004A8AED /* CommonDefinitions.swift in Sources */ = {isa = PBXBuildFile; fileRef = 24118CCE1E6CD1CF004A8AED /* CommonDefinitions.swift */; };
		244337441D31D552000E485B /* AppDelegate.swift in Sources */ = {isa = PBXBuildFile; fileRef = 244337431D31D552000E485B /* AppDelegate.swift */; };
		244337481D31D552000E485B /* Actions.sks in Resources */ = {isa = PBXBuildFile; fileRef = 244337471D31D552000E485B /* Actions.sks */; };
		2443374A1D31D552000E485B /* GameScene.swift in Sources */ = {isa = PBXBuildFile; fileRef = 244337491D31D552000E485B /* GameScene.swift */; };
		2443374C1D31D552000E485B /* GameViewController.swift in Sources */ = {isa = PBXBuildFile; fileRef = 2443374B1D31D552000E485B /* GameViewController.swift */; };
		2443374F1D31D552000E485B /* Main.storyboard in Resources */ = {isa = PBXBuildFile; fileRef = 2443374D1D31D552000E485B /* Main.storyboard */; };
		244337511D31D552000E485B /* Assets.xcassets in Resources */ = {isa = PBXBuildFile; fileRef = 244337501D31D552000E485B /* Assets.xcassets */; };
		244337541D31D552000E485B /* LaunchScreen.storyboard in Resources */ = {isa = PBXBuildFile; fileRef = 244337521D31D552000E485B /* LaunchScreen.storyboard */; };
		2443375C1D31D84F000E485B /* TileSet.sks in Resources */ = {isa = PBXBuildFile; fileRef = 2443375B1D31D84F000E485B /* TileSet.sks */; };
		24898712247C60C400617901 /* OrientationComponent.swift in Sources */ = {isa = PBXBuildFile; fileRef = 24898711247C60C400617901 /* OrientationComponent.swift */; };
		2489871A24AAF7C400617901 /* OrientationAndMoveDirectionTests.swift in Sources */ = {isa = PBXBuildFile; fileRef = 2489871924AAF7C400617901 /* OrientationAndMoveDirectionTests.swift */; };
		2489872224AFCDD800617901 /* ContactComponent.swift in Sources */ = {isa = PBXBuildFile; fileRef = 2489872124AFCDD800617901 /* ContactComponent.swift */; };
		24CBD4681EDCEBEE00154179 /* BootTile.swift in Sources */ = {isa = PBXBuildFile; fileRef = 24CBD4671EDCEBEE00154179 /* BootTile.swift */; };
		24D487481D3322CD00AC1095 /* Level1.sks in Resources */ = {isa = PBXBuildFile; fileRef = 24D487471D3322CD00AC1095 /* Level1.sks */; };
		24F9D2692470F80E007E541C /* FireTile.swift in Sources */ = {isa = PBXBuildFile; fileRef = 24F9D2682470F80E007E541C /* FireTile.swift */; };
		24F9D271247104B4007E541C /* BoostTile.swift in Sources */ = {isa = PBXBuildFile; fileRef = 24F9D270247104B4007E541C /* BoostTile.swift */; };
		24F9D2752471CD45007E541C /* SpriteComponent.swift in Sources */ = {isa = PBXBuildFile; fileRef = 24F9D2742471CD45007E541C /* SpriteComponent.swift */; };
		24F9D2792471CDB4007E541C /* EntityManager.swift in Sources */ = {isa = PBXBuildFile; fileRef = 24F9D2782471CDB4007E541C /* EntityManager.swift */; };
		24F9D27B2471D00F007E541C /* BugMoveComponent.swift in Sources */ = {isa = PBXBuildFile; fileRef = 24F9D27A2471D00F007E541C /* BugMoveComponent.swift */; };
		24F9D27D2479E9FA007E541C /* Level3.sks in Resources */ = {isa = PBXBuildFile; fileRef = 24F9D27C2479E9FA007E541C /* Level3.sks */; };
		24FA9F2B1EDCC66F0051F3E7 /* Tile2DArray.swift in Sources */ = {isa = PBXBuildFile; fileRef = 24FA9F2A1EDCC66F0051F3E7 /* Tile2DArray.swift */; };
		24FDE3261FCA7C2C00814A9D /* DirtTile.swift in Sources */ = {isa = PBXBuildFile; fileRef = 24FDE3251FCA7C2C00814A9D /* DirtTile.swift */; };
		24FDE3281FCA7CB400814A9D /* WaterTile.swift in Sources */ = {isa = PBXBuildFile; fileRef = 24FDE3271FCA7CB300814A9D /* WaterTile.swift */; };
/* End PBXBuildFile section */

/* Begin PBXContainerItemProxy section */
		2489871C24AAF7C400617901 /* PBXContainerItemProxy */ = {
			isa = PBXContainerItemProxy;
			containerPortal = 244337381D31D552000E485B /* Project object */;
			proxyType = 1;
			remoteGlobalIDString = 2443373F1D31D552000E485B;
			remoteInfo = Chippy;
		};
/* End PBXContainerItemProxy section */

/* Begin PBXFileReference section */
		24118C9C1E5A8C22004A8AED /* TileManager.swift */ = {isa = PBXFileReference; fileEncoding = 4; lastKnownFileType = sourcecode.swift; path = TileManager.swift; sourceTree = "<group>"; };
		24118C9F1E5A8CBC004A8AED /* ChipTile.swift */ = {isa = PBXFileReference; fileEncoding = 4; lastKnownFileType = sourcecode.swift; path = ChipTile.swift; sourceTree = "<group>"; };
		24118CA11E5A8CC8004A8AED /* Tile.swift */ = {isa = PBXFileReference; fileEncoding = 4; lastKnownFileType = sourcecode.swift; path = Tile.swift; sourceTree = "<group>"; };
		24118CA41E5A8CF0004A8AED /* GameManager.swift */ = {isa = PBXFileReference; fileEncoding = 4; lastKnownFileType = sourcecode.swift; path = GameManager.swift; sourceTree = "<group>"; };
		24118CA61E5A8D12004A8AED /* Player.swift */ = {isa = PBXFileReference; fileEncoding = 4; lastKnownFileType = sourcecode.swift; path = Player.swift; sourceTree = "<group>"; };
		24118CA81E5A8EB3004A8AED /* FloorTile.swift */ = {isa = PBXFileReference; fileEncoding = 4; lastKnownFileType = sourcecode.swift; path = FloorTile.swift; sourceTree = "<group>"; };
		24118CAA1E5A93CC004A8AED /* Utils.swift */ = {isa = PBXFileReference; fileEncoding = 4; lastKnownFileType = sourcecode.swift; path = Utils.swift; sourceTree = "<group>"; };
		24118CAC1E5A9B85004A8AED /* BlockTile.swift */ = {isa = PBXFileReference; fileEncoding = 4; lastKnownFileType = sourcecode.swift; path = BlockTile.swift; sourceTree = "<group>"; };
		24118CAE1E5A9C80004A8AED /* HelpTile.swift */ = {isa = PBXFileReference; fileEncoding = 4; lastKnownFileType = sourcecode.swift; path = HelpTile.swift; sourceTree = "<group>"; };
		24118CB01E5BC9ED004A8AED /* KeyTile.swift */ = {isa = PBXFileReference; fileEncoding = 4; lastKnownFileType = sourcecode.swift; path = KeyTile.swift; sourceTree = "<group>"; };
		24118CB81E5BD080004A8AED /* BaseTile.swift */ = {isa = PBXFileReference; fileEncoding = 4; lastKnownFileType = sourcecode.swift; path = BaseTile.swift; sourceTree = "<group>"; };
		24118CBA1E5BD829004A8AED /* LockTile.swift */ = {isa = PBXFileReference; fileEncoding = 4; lastKnownFileType = sourcecode.swift; path = LockTile.swift; sourceTree = "<group>"; };
		24118CBC1E6253B4004A8AED /* LevelRepository.swift */ = {isa = PBXFileReference; fileEncoding = 4; lastKnownFileType = sourcecode.swift; path = LevelRepository.swift; sourceTree = "<group>"; };
		24118CBF1E625CB7004A8AED /* LevelLoader.swift */ = {isa = PBXFileReference; fileEncoding = 4; lastKnownFileType = sourcecode.swift; path = LevelLoader.swift; sourceTree = "<group>"; };
		24118CC11E638A1D004A8AED /* BoardTile.swift */ = {isa = PBXFileReference; fileEncoding = 4; lastKnownFileType = sourcecode.swift; path = BoardTile.swift; sourceTree = "<group>"; };
		24118CC61E6CB334004A8AED /* HomeTile.swift */ = {isa = PBXFileReference; fileEncoding = 4; lastKnownFileType = sourcecode.swift; path = HomeTile.swift; sourceTree = "<group>"; };
		24118CC81E6CB659004A8AED /* Level2.sks */ = {isa = PBXFileReference; lastKnownFileType = file.sks; path = Level2.sks; sourceTree = "<group>"; };
		24118CCA1E6CCB56004A8AED /* MonaShark.otf */ = {isa = PBXFileReference; lastKnownFileType = file; path = MonaShark.otf; sourceTree = "<group>"; };
		24118CCC1E6CCFA2004A8AED /* MovableBlock.swift */ = {isa = PBXFileReference; fileEncoding = 4; lastKnownFileType = sourcecode.swift; path = MovableBlock.swift; sourceTree = "<group>"; };
		24118CCE1E6CD1CF004A8AED /* CommonDefinitions.swift */ = {isa = PBXFileReference; fileEncoding = 4; lastKnownFileType = sourcecode.swift; path = CommonDefinitions.swift; sourceTree = "<group>"; };
		244337401D31D552000E485B /* Chippy.app */ = {isa = PBXFileReference; explicitFileType = wrapper.application; includeInIndex = 0; path = Chippy.app; sourceTree = BUILT_PRODUCTS_DIR; };
		244337431D31D552000E485B /* AppDelegate.swift */ = {isa = PBXFileReference; lastKnownFileType = sourcecode.swift; path = AppDelegate.swift; sourceTree = "<group>"; };
		244337471D31D552000E485B /* Actions.sks */ = {isa = PBXFileReference; lastKnownFileType = file.sks; path = Actions.sks; sourceTree = "<group>"; };
		244337491D31D552000E485B /* GameScene.swift */ = {isa = PBXFileReference; lastKnownFileType = sourcecode.swift; path = GameScene.swift; sourceTree = "<group>"; };
		2443374B1D31D552000E485B /* GameViewController.swift */ = {isa = PBXFileReference; lastKnownFileType = sourcecode.swift; path = GameViewController.swift; sourceTree = "<group>"; };
		2443374E1D31D552000E485B /* Base */ = {isa = PBXFileReference; lastKnownFileType = file.storyboard; name = Base; path = Base.lproj/Main.storyboard; sourceTree = "<group>"; };
		244337501D31D552000E485B /* Assets.xcassets */ = {isa = PBXFileReference; lastKnownFileType = folder.assetcatalog; path = Assets.xcassets; sourceTree = "<group>"; };
		244337531D31D552000E485B /* Base */ = {isa = PBXFileReference; lastKnownFileType = file.storyboard; name = Base; path = Base.lproj/LaunchScreen.storyboard; sourceTree = "<group>"; };
		244337551D31D552000E485B /* Info.plist */ = {isa = PBXFileReference; lastKnownFileType = text.plist.xml; path = Info.plist; sourceTree = "<group>"; };
		2443375B1D31D84F000E485B /* TileSet.sks */ = {isa = PBXFileReference; lastKnownFileType = file.sks; path = TileSet.sks; sourceTree = "<group>"; };
		24898711247C60C400617901 /* OrientationComponent.swift */ = {isa = PBXFileReference; lastKnownFileType = sourcecode.swift; path = OrientationComponent.swift; sourceTree = "<group>"; };
		2489871724AAF7C400617901 /* ChippyTests.xctest */ = {isa = PBXFileReference; explicitFileType = wrapper.cfbundle; includeInIndex = 0; path = ChippyTests.xctest; sourceTree = BUILT_PRODUCTS_DIR; };
		2489871924AAF7C400617901 /* OrientationAndMoveDirectionTests.swift */ = {isa = PBXFileReference; lastKnownFileType = sourcecode.swift; path = OrientationAndMoveDirectionTests.swift; sourceTree = "<group>"; };
		2489871B24AAF7C400617901 /* Info.plist */ = {isa = PBXFileReference; lastKnownFileType = text.plist.xml; path = Info.plist; sourceTree = "<group>"; };
		2489872124AFCDD800617901 /* ContactComponent.swift */ = {isa = PBXFileReference; lastKnownFileType = sourcecode.swift; path = ContactComponent.swift; sourceTree = "<group>"; };
		24CBD4671EDCEBEE00154179 /* BootTile.swift */ = {isa = PBXFileReference; fileEncoding = 4; lastKnownFileType = sourcecode.swift; path = BootTile.swift; sourceTree = "<group>"; };
		24D487471D3322CD00AC1095 /* Level1.sks */ = {isa = PBXFileReference; lastKnownFileType = file.sks; path = Level1.sks; sourceTree = "<group>"; };
		24F9D2682470F80E007E541C /* FireTile.swift */ = {isa = PBXFileReference; lastKnownFileType = sourcecode.swift; path = FireTile.swift; sourceTree = "<group>"; };
		24F9D270247104B4007E541C /* BoostTile.swift */ = {isa = PBXFileReference; lastKnownFileType = sourcecode.swift; path = BoostTile.swift; sourceTree = "<group>"; };
		24F9D2742471CD45007E541C /* SpriteComponent.swift */ = {isa = PBXFileReference; lastKnownFileType = sourcecode.swift; path = SpriteComponent.swift; sourceTree = "<group>"; };
		24F9D2782471CDB4007E541C /* EntityManager.swift */ = {isa = PBXFileReference; lastKnownFileType = sourcecode.swift; path = EntityManager.swift; sourceTree = "<group>"; };
		24F9D27A2471D00F007E541C /* BugMoveComponent.swift */ = {isa = PBXFileReference; lastKnownFileType = sourcecode.swift; path = BugMoveComponent.swift; sourceTree = "<group>"; };
		24F9D27C2479E9FA007E541C /* Level3.sks */ = {isa = PBXFileReference; lastKnownFileType = file.sks; path = Level3.sks; sourceTree = "<group>"; };
		24FA9F2A1EDCC66F0051F3E7 /* Tile2DArray.swift */ = {isa = PBXFileReference; fileEncoding = 4; lastKnownFileType = sourcecode.swift; path = Tile2DArray.swift; sourceTree = "<group>"; };
		24FDE3251FCA7C2C00814A9D /* DirtTile.swift */ = {isa = PBXFileReference; lastKnownFileType = sourcecode.swift; path = DirtTile.swift; sourceTree = "<group>"; };
		24FDE3271FCA7CB300814A9D /* WaterTile.swift */ = {isa = PBXFileReference; fileEncoding = 4; lastKnownFileType = sourcecode.swift; path = WaterTile.swift; sourceTree = "<group>"; };
/* End PBXFileReference section */

/* Begin PBXFrameworksBuildPhase section */
		2443373D1D31D552000E485B /* Frameworks */ = {
			isa = PBXFrameworksBuildPhase;
			buildActionMask = 2147483647;
			files = (
			);
			runOnlyForDeploymentPostprocessing = 0;
		};
		2489871424AAF7C400617901 /* Frameworks */ = {
			isa = PBXFrameworksBuildPhase;
			buildActionMask = 2147483647;
			files = (
			);
			runOnlyForDeploymentPostprocessing = 0;
		};
/* End PBXFrameworksBuildPhase section */

/* Begin PBXGroup section */
		24118C9B1E5A8BF3004A8AED /* Tiles */ = {
			isa = PBXGroup;
			children = (
				24118C9C1E5A8C22004A8AED /* TileManager.swift */,
				24118CA11E5A8CC8004A8AED /* Tile.swift */,
				24118C9E1E5A8CA5004A8AED /* TileTypes */,
				24FA9F2A1EDCC66F0051F3E7 /* Tile2DArray.swift */,
			);
			name = Tiles;
			sourceTree = "<group>";
		};
		24118C9E1E5A8CA5004A8AED /* TileTypes */ = {
			isa = PBXGroup;
			children = (
				24118CB81E5BD080004A8AED /* BaseTile.swift */,
				24118CAE1E5A9C80004A8AED /* HelpTile.swift */,
				24F9D26A2470FFCE007E541C /* Monsters */,
				24F9D26B2470FFE2007E541C /* Elemental */,
				24F9D26C24710007007E541C /* Collectables */,
				24F9D26D2471011D007E541C /* Movable */,
			);
			name = TileTypes;
			sourceTree = "<group>";
		};
		24118CA31E5A8CE6004A8AED /* GameManager */ = {
			isa = PBXGroup;
			children = (
				24118CA41E5A8CF0004A8AED /* GameManager.swift */,
				24118CA61E5A8D12004A8AED /* Player.swift */,
			);
			name = GameManager;
			sourceTree = "<group>";
		};
		24118CBE1E625CAC004A8AED /* Levels */ = {
			isa = PBXGroup;
			children = (
				24118CBC1E6253B4004A8AED /* LevelRepository.swift */,
				24118CBF1E625CB7004A8AED /* LevelLoader.swift */,
			);
			name = Levels;
			sourceTree = "<group>";
		};
		24118CC31E638B2C004A8AED /* Levels */ = {
			isa = PBXGroup;
			children = (
				24D487471D3322CD00AC1095 /* Level1.sks */,
				24118CC81E6CB659004A8AED /* Level2.sks */,
				24F9D27C2479E9FA007E541C /* Level3.sks */,
			);
			name = Levels;
			sourceTree = "<group>";
		};
		244337371D31D552000E485B = {
			isa = PBXGroup;
			children = (
				244337421D31D552000E485B /* Chippy */,
				2489871824AAF7C400617901 /* ChippyTests */,
				244337411D31D552000E485B /* Products */,
			);
			sourceTree = "<group>";
		};
		244337411D31D552000E485B /* Products */ = {
			isa = PBXGroup;
			children = (
				244337401D31D552000E485B /* Chippy.app */,
				2489871724AAF7C400617901 /* ChippyTests.xctest */,
			);
			name = Products;
			sourceTree = "<group>";
		};
		244337421D31D552000E485B /* Chippy */ = {
			isa = PBXGroup;
			children = (
				24F9D2722471CD27007E541C /* Entities */,
				24F9D2732471CD2E007E541C /* Components */,
				24118CBE1E625CAC004A8AED /* Levels */,
				24118CAA1E5A93CC004A8AED /* Utils.swift */,
				24118CCE1E6CD1CF004A8AED /* CommonDefinitions.swift */,
				24118CA31E5A8CE6004A8AED /* GameManager */,
				24118C9B1E5A8BF3004A8AED /* Tiles */,
				244337431D31D552000E485B /* AppDelegate.swift */,
				24118CC31E638B2C004A8AED /* Levels */,
				2443375B1D31D84F000E485B /* TileSet.sks */,
				244337471D31D552000E485B /* Actions.sks */,
				244337491D31D552000E485B /* GameScene.swift */,
				2443374B1D31D552000E485B /* GameViewController.swift */,
				2443374D1D31D552000E485B /* Main.storyboard */,
				244337501D31D552000E485B /* Assets.xcassets */,
				244337521D31D552000E485B /* LaunchScreen.storyboard */,
				24118CCA1E6CCB56004A8AED /* MonaShark.otf */,
				244337551D31D552000E485B /* Info.plist */,
			);
			path = Chippy;
			sourceTree = "<group>";
		};
		2489871824AAF7C400617901 /* ChippyTests */ = {
			isa = PBXGroup;
			children = (
				2489871924AAF7C400617901 /* OrientationAndMoveDirectionTests.swift */,
				2489871B24AAF7C400617901 /* Info.plist */,
			);
			path = ChippyTests;
			sourceTree = "<group>";
		};
		24F9D26A2470FFCE007E541C /* Monsters */ = {
			isa = PBXGroup;
			children = (
			);
			name = Monsters;
			sourceTree = "<group>";
		};
		24F9D26B2470FFE2007E541C /* Elemental */ = {
			isa = PBXGroup;
			children = (
				24118CAC1E5A9B85004A8AED /* BlockTile.swift */,
				24FDE3271FCA7CB300814A9D /* WaterTile.swift */,
				24118CA81E5A8EB3004A8AED /* FloorTile.swift */,
				24118CC61E6CB334004A8AED /* HomeTile.swift */,
				24FDE3251FCA7C2C00814A9D /* DirtTile.swift */,
				24F9D2682470F80E007E541C /* FireTile.swift */,
				24F9D270247104B4007E541C /* BoostTile.swift */,
			);
			name = Elemental;
			sourceTree = "<group>";
		};
		24F9D26C24710007007E541C /* Collectables */ = {
			isa = PBXGroup;
			children = (
				24118C9F1E5A8CBC004A8AED /* ChipTile.swift */,
				24CBD4671EDCEBEE00154179 /* BootTile.swift */,
				24118CB01E5BC9ED004A8AED /* KeyTile.swift */,
				24118CBA1E5BD829004A8AED /* LockTile.swift */,
				24118CC11E638A1D004A8AED /* BoardTile.swift */,
			);
			name = Collectables;
			sourceTree = "<group>";
		};
		24F9D26D2471011D007E541C /* Movable */ = {
			isa = PBXGroup;
			children = (
				24118CCC1E6CCFA2004A8AED /* MovableBlock.swift */,
			);
			name = Movable;
			sourceTree = "<group>";
		};
		24F9D2722471CD27007E541C /* Entities */ = {
			isa = PBXGroup;
			children = (
				24F9D2782471CDB4007E541C /* EntityManager.swift */,
			);
			name = Entities;
			sourceTree = "<group>";
		};
		24F9D2732471CD2E007E541C /* Components */ = {
			isa = PBXGroup;
			children = (
				24F9D2742471CD45007E541C /* SpriteComponent.swift */,
				24F9D27A2471D00F007E541C /* BugMoveComponent.swift */,
				24898711247C60C400617901 /* OrientationComponent.swift */,
				2489872124AFCDD800617901 /* ContactComponent.swift */,
			);
			name = Components;
			sourceTree = "<group>";
		};
/* End PBXGroup section */

/* Begin PBXNativeTarget section */
		2443373F1D31D552000E485B /* Chippy */ = {
			isa = PBXNativeTarget;
			buildConfigurationList = 244337581D31D552000E485B /* Build configuration list for PBXNativeTarget "Chippy" */;
			buildPhases = (
				2443373C1D31D552000E485B /* Sources */,
				2443373D1D31D552000E485B /* Frameworks */,
				2443373E1D31D552000E485B /* Resources */,
			);
			buildRules = (
			);
			dependencies = (
			);
			name = Chippy;
			productName = Chippy;
			productReference = 244337401D31D552000E485B /* Chippy.app */;
			productType = "com.apple.product-type.application";
		};
		2489871624AAF7C400617901 /* ChippyTests */ = {
			isa = PBXNativeTarget;
			buildConfigurationList = 2489871E24AAF7C500617901 /* Build configuration list for PBXNativeTarget "ChippyTests" */;
			buildPhases = (
				2489871324AAF7C400617901 /* Sources */,
				2489871424AAF7C400617901 /* Frameworks */,
				2489871524AAF7C400617901 /* Resources */,
			);
			buildRules = (
			);
			dependencies = (
				2489871D24AAF7C400617901 /* PBXTargetDependency */,
			);
			name = ChippyTests;
			productName = ChippyTests;
			productReference = 2489871724AAF7C400617901 /* ChippyTests.xctest */;
			productType = "com.apple.product-type.bundle.unit-test";
		};
/* End PBXNativeTarget section */

/* Begin PBXProject section */
		244337381D31D552000E485B /* Project object */ = {
			isa = PBXProject;
			attributes = {
				LastSwiftUpdateCheck = 1140;
				LastUpgradeCheck = 1140;
				ORGANIZATIONNAME = DanielBeard;
				TargetAttributes = {
					2443373F1D31D552000E485B = {
						CreatedOnToolsVersion = 8.0;
						DevelopmentTeam = 6T8835Q6XM;
						DevelopmentTeamName = "Daniel Beard";
						LastSwiftMigration = 1030;
						ProvisioningStyle = Automatic;
					};
					2489871624AAF7C400617901 = {
						CreatedOnToolsVersion = 11.4.1;
						ProvisioningStyle = Automatic;
						TestTargetID = 2443373F1D31D552000E485B;
					};
				};
			};
			buildConfigurationList = 2443373B1D31D552000E485B /* Build configuration list for PBXProject "Chippy" */;
			compatibilityVersion = "Xcode 3.2";
			developmentRegion = English;
			hasScannedForEncodings = 0;
			knownRegions = (
				English,
				en,
				Base,
			);
			mainGroup = 244337371D31D552000E485B;
			productRefGroup = 244337411D31D552000E485B /* Products */;
			projectDirPath = "";
			projectRoot = "";
			targets = (
				2443373F1D31D552000E485B /* Chippy */,
				2489871624AAF7C400617901 /* ChippyTests */,
			);
		};
/* End PBXProject section */

/* Begin PBXResourcesBuildPhase section */
		2443373E1D31D552000E485B /* Resources */ = {
			isa = PBXResourcesBuildPhase;
			buildActionMask = 2147483647;
			files = (
				2443375C1D31D84F000E485B /* TileSet.sks in Resources */,
				24118CCB1E6CCB56004A8AED /* MonaShark.otf in Resources */,
				2443374F1D31D552000E485B /* Main.storyboard in Resources */,
				24F9D27D2479E9FA007E541C /* Level3.sks in Resources */,
				244337511D31D552000E485B /* Assets.xcassets in Resources */,
				244337541D31D552000E485B /* LaunchScreen.storyboard in Resources */,
				24D487481D3322CD00AC1095 /* Level1.sks in Resources */,
				24118CC91E6CB659004A8AED /* Level2.sks in Resources */,
				244337481D31D552000E485B /* Actions.sks in Resources */,
			);
			runOnlyForDeploymentPostprocessing = 0;
		};
		2489871524AAF7C400617901 /* Resources */ = {
			isa = PBXResourcesBuildPhase;
			buildActionMask = 2147483647;
			files = (
			);
			runOnlyForDeploymentPostprocessing = 0;
		};
/* End PBXResourcesBuildPhase section */

/* Begin PBXSourcesBuildPhase section */
		2443373C1D31D552000E485B /* Sources */ = {
			isa = PBXSourcesBuildPhase;
			buildActionMask = 2147483647;
			files = (
				24118CC21E638A1D004A8AED /* BoardTile.swift in Sources */,
				24118CAF1E5A9C80004A8AED /* HelpTile.swift in Sources */,
				24118CBB1E5BD829004A8AED /* LockTile.swift in Sources */,
				24F9D2792471CDB4007E541C /* EntityManager.swift in Sources */,
				24FDE3261FCA7C2C00814A9D /* DirtTile.swift in Sources */,
				24FA9F2B1EDCC66F0051F3E7 /* Tile2DArray.swift in Sources */,
				24118CAD1E5A9B85004A8AED /* BlockTile.swift in Sources */,
				2443374A1D31D552000E485B /* GameScene.swift in Sources */,
				24118CA91E5A8EB3004A8AED /* FloorTile.swift in Sources */,
				24118C9D1E5A8C22004A8AED /* TileManager.swift in Sources */,
				24118CCF1E6CD1CF004A8AED /* CommonDefinitions.swift in Sources */,
				24118CC01E625CB7004A8AED /* LevelLoader.swift in Sources */,
				24118CB11E5BC9ED004A8AED /* KeyTile.swift in Sources */,
				24118CB91E5BD080004A8AED /* BaseTile.swift in Sources */,
				24118CCD1E6CCFA2004A8AED /* MovableBlock.swift in Sources */,
				2443374C1D31D552000E485B /* GameViewController.swift in Sources */,
				24118CC71E6CB334004A8AED /* HomeTile.swift in Sources */,
				24CBD4681EDCEBEE00154179 /* BootTile.swift in Sources */,
				2489872224AFCDD800617901 /* ContactComponent.swift in Sources */,
				24F9D2752471CD45007E541C /* SpriteComponent.swift in Sources */,
				24118CA51E5A8CF0004A8AED /* GameManager.swift in Sources */,
				24898712247C60C400617901 /* OrientationComponent.swift in Sources */,
				24FDE3281FCA7CB400814A9D /* WaterTile.swift in Sources */,
				24118CAB1E5A93CC004A8AED /* Utils.swift in Sources */,
				24118CBD1E6253B4004A8AED /* LevelRepository.swift in Sources */,
				24F9D2692470F80E007E541C /* FireTile.swift in Sources */,
				24F9D27B2471D00F007E541C /* BugMoveComponent.swift in Sources */,
				24F9D271247104B4007E541C /* BoostTile.swift in Sources */,
				24118CA71E5A8D12004A8AED /* Player.swift in Sources */,
				24118CA21E5A8CC8004A8AED /* Tile.swift in Sources */,
				244337441D31D552000E485B /* AppDelegate.swift in Sources */,
				24118CA01E5A8CBC004A8AED /* ChipTile.swift in Sources */,
			);
			runOnlyForDeploymentPostprocessing = 0;
		};
		2489871324AAF7C400617901 /* Sources */ = {
			isa = PBXSourcesBuildPhase;
			buildActionMask = 2147483647;
			files = (
				2489871A24AAF7C400617901 /* OrientationAndMoveDirectionTests.swift in Sources */,
			);
			runOnlyForDeploymentPostprocessing = 0;
		};
/* End PBXSourcesBuildPhase section */

/* Begin PBXTargetDependency section */
		2489871D24AAF7C400617901 /* PBXTargetDependency */ = {
			isa = PBXTargetDependency;
			target = 2443373F1D31D552000E485B /* Chippy */;
			targetProxy = 2489871C24AAF7C400617901 /* PBXContainerItemProxy */;
		};
/* End PBXTargetDependency section */

/* Begin PBXVariantGroup section */
		2443374D1D31D552000E485B /* Main.storyboard */ = {
			isa = PBXVariantGroup;
			children = (
				2443374E1D31D552000E485B /* Base */,
			);
			name = Main.storyboard;
			sourceTree = "<group>";
		};
		244337521D31D552000E485B /* LaunchScreen.storyboard */ = {
			isa = PBXVariantGroup;
			children = (
				244337531D31D552000E485B /* Base */,
			);
			name = LaunchScreen.storyboard;
			sourceTree = "<group>";
		};
/* End PBXVariantGroup section */

/* Begin XCBuildConfiguration section */
		244337561D31D552000E485B /* Debug */ = {
			isa = XCBuildConfiguration;
			buildSettings = {
				ALWAYS_SEARCH_USER_PATHS = NO;
				CLANG_ANALYZER_LOCALIZABILITY_NONLOCALIZED = YES;
				CLANG_ANALYZER_NONNULL = YES;
				CLANG_CXX_LANGUAGE_STANDARD = "gnu++0x";
				CLANG_CXX_LIBRARY = "libc++";
				CLANG_ENABLE_MODULES = YES;
				CLANG_ENABLE_OBJC_ARC = YES;
				CLANG_WARN_BLOCK_CAPTURE_AUTORELEASING = YES;
				CLANG_WARN_BOOL_CONVERSION = YES;
				CLANG_WARN_COMMA = YES;
				CLANG_WARN_CONSTANT_CONVERSION = YES;
				CLANG_WARN_DEPRECATED_OBJC_IMPLEMENTATIONS = YES;
				CLANG_WARN_DIRECT_OBJC_ISA_USAGE = YES_ERROR;
				CLANG_WARN_DOCUMENTATION_COMMENTS = YES;
				CLANG_WARN_EMPTY_BODY = YES;
				CLANG_WARN_ENUM_CONVERSION = YES;
				CLANG_WARN_INFINITE_RECURSION = YES;
				CLANG_WARN_INT_CONVERSION = YES;
				CLANG_WARN_NON_LITERAL_NULL_CONVERSION = YES;
				CLANG_WARN_OBJC_IMPLICIT_RETAIN_SELF = YES;
				CLANG_WARN_OBJC_LITERAL_CONVERSION = YES;
				CLANG_WARN_OBJC_ROOT_CLASS = YES_ERROR;
				CLANG_WARN_RANGE_LOOP_ANALYSIS = YES;
				CLANG_WARN_STRICT_PROTOTYPES = YES;
				CLANG_WARN_SUSPICIOUS_MOVE = YES;
				CLANG_WARN_UNREACHABLE_CODE = YES;
				CLANG_WARN__DUPLICATE_METHOD_MATCH = YES;
				"CODE_SIGN_IDENTITY[sdk=iphoneos*]" = "iPhone Developer";
				COPY_PHASE_STRIP = NO;
				DEBUG_INFORMATION_FORMAT = "dwarf-with-dsym";
				ENABLE_STRICT_OBJC_MSGSEND = YES;
				ENABLE_TESTABILITY = YES;
				GCC_C_LANGUAGE_STANDARD = gnu99;
				GCC_DYNAMIC_NO_PIC = NO;
				GCC_NO_COMMON_BLOCKS = YES;
				GCC_OPTIMIZATION_LEVEL = 0;
				GCC_PREPROCESSOR_DEFINITIONS = (
					"DEBUG=1",
					"$(inherited)",
				);
				GCC_WARN_64_TO_32_BIT_CONVERSION = YES;
				GCC_WARN_ABOUT_RETURN_TYPE = YES_ERROR;
				GCC_WARN_UNDECLARED_SELECTOR = YES;
				GCC_WARN_UNINITIALIZED_AUTOS = YES_AGGRESSIVE;
				GCC_WARN_UNUSED_FUNCTION = YES;
				GCC_WARN_UNUSED_VARIABLE = YES;
				IPHONEOS_DEPLOYMENT_TARGET = 10.0;
				MTL_ENABLE_DEBUG_INFO = YES;
				ONLY_ACTIVE_ARCH = YES;
				SDKROOT = iphoneos;
				SWIFT_ACTIVE_COMPILATION_CONDITIONS = DEBUG;
				SWIFT_OPTIMIZATION_LEVEL = "-Onone";
				TARGETED_DEVICE_FAMILY = "1,2";
			};
			name = Debug;
		};
		244337571D31D552000E485B /* Release */ = {
			isa = XCBuildConfiguration;
			buildSettings = {
				ALWAYS_SEARCH_USER_PATHS = NO;
				CLANG_ANALYZER_LOCALIZABILITY_NONLOCALIZED = YES;
				CLANG_ANALYZER_NONNULL = YES;
				CLANG_CXX_LANGUAGE_STANDARD = "gnu++0x";
				CLANG_CXX_LIBRARY = "libc++";
				CLANG_ENABLE_MODULES = YES;
				CLANG_ENABLE_OBJC_ARC = YES;
				CLANG_WARN_BLOCK_CAPTURE_AUTORELEASING = YES;
				CLANG_WARN_BOOL_CONVERSION = YES;
				CLANG_WARN_COMMA = YES;
				CLANG_WARN_CONSTANT_CONVERSION = YES;
				CLANG_WARN_DEPRECATED_OBJC_IMPLEMENTATIONS = YES;
				CLANG_WARN_DIRECT_OBJC_ISA_USAGE = YES_ERROR;
				CLANG_WARN_DOCUMENTATION_COMMENTS = YES;
				CLANG_WARN_EMPTY_BODY = YES;
				CLANG_WARN_ENUM_CONVERSION = YES;
				CLANG_WARN_INFINITE_RECURSION = YES;
				CLANG_WARN_INT_CONVERSION = YES;
				CLANG_WARN_NON_LITERAL_NULL_CONVERSION = YES;
				CLANG_WARN_OBJC_IMPLICIT_RETAIN_SELF = YES;
				CLANG_WARN_OBJC_LITERAL_CONVERSION = YES;
				CLANG_WARN_OBJC_ROOT_CLASS = YES_ERROR;
				CLANG_WARN_RANGE_LOOP_ANALYSIS = YES;
				CLANG_WARN_STRICT_PROTOTYPES = YES;
				CLANG_WARN_SUSPICIOUS_MOVE = YES;
				CLANG_WARN_UNREACHABLE_CODE = YES;
				CLANG_WARN__DUPLICATE_METHOD_MATCH = YES;
				"CODE_SIGN_IDENTITY[sdk=iphoneos*]" = "iPhone Developer";
				COPY_PHASE_STRIP = NO;
				DEBUG_INFORMATION_FORMAT = "dwarf-with-dsym";
				ENABLE_NS_ASSERTIONS = NO;
				ENABLE_STRICT_OBJC_MSGSEND = YES;
				GCC_C_LANGUAGE_STANDARD = gnu99;
				GCC_NO_COMMON_BLOCKS = YES;
				GCC_WARN_64_TO_32_BIT_CONVERSION = YES;
				GCC_WARN_ABOUT_RETURN_TYPE = YES_ERROR;
				GCC_WARN_UNDECLARED_SELECTOR = YES;
				GCC_WARN_UNINITIALIZED_AUTOS = YES_AGGRESSIVE;
				GCC_WARN_UNUSED_FUNCTION = YES;
				GCC_WARN_UNUSED_VARIABLE = YES;
				IPHONEOS_DEPLOYMENT_TARGET = 10.0;
				MTL_ENABLE_DEBUG_INFO = NO;
				SDKROOT = iphoneos;
				SWIFT_OPTIMIZATION_LEVEL = "-Owholemodule";
				TARGETED_DEVICE_FAMILY = "1,2";
				VALIDATE_PRODUCT = YES;
			};
			name = Release;
		};
		244337591D31D552000E485B /* Debug */ = {
			isa = XCBuildConfiguration;
			buildSettings = {
				ASSETCATALOG_COMPILER_APPICON_NAME = AppIcon;
				DEVELOPMENT_TEAM = 6T8835Q6XM;
				INFOPLIST_FILE = Chippy/Info.plist;
				IPHONEOS_DEPLOYMENT_TARGET = 10.0;
				LD_RUNPATH_SEARCH_PATHS = "$(inherited) @executable_path/Frameworks";
				PRODUCT_BUNDLE_IDENTIFIER = com.danielbeard.Chippy;
				PRODUCT_NAME = "$(TARGET_NAME)";
				SWIFT_VERSION = 5.0;
			};
			name = Debug;
		};
		2443375A1D31D552000E485B /* Release */ = {
			isa = XCBuildConfiguration;
			buildSettings = {
				ASSETCATALOG_COMPILER_APPICON_NAME = AppIcon;
				DEVELOPMENT_TEAM = 6T8835Q6XM;
				INFOPLIST_FILE = Chippy/Info.plist;
				IPHONEOS_DEPLOYMENT_TARGET = 10.0;
				LD_RUNPATH_SEARCH_PATHS = "$(inherited) @executable_path/Frameworks";
				PRODUCT_BUNDLE_IDENTIFIER = com.danielbeard.Chippy;
				PRODUCT_NAME = "$(TARGET_NAME)";
				SWIFT_VERSION = 5.0;
			};
			name = Release;
		};
		2489871F24AAF7C500617901 /* Debug */ = {
			isa = XCBuildConfiguration;
			buildSettings = {
				BUNDLE_LOADER = "$(TEST_HOST)";
				CLANG_ANALYZER_NUMBER_OBJECT_CONVERSION = YES_AGGRESSIVE;
				CLANG_CXX_LANGUAGE_STANDARD = "gnu++14";
				CLANG_ENABLE_OBJC_WEAK = YES;
				CLANG_WARN_UNGUARDED_AVAILABILITY = YES_AGGRESSIVE;
				CODE_SIGN_STYLE = Automatic;
				DEBUG_INFORMATION_FORMAT = dwarf;
				GCC_C_LANGUAGE_STANDARD = gnu11;
				INFOPLIST_FILE = ChippyTests/Info.plist;
				IPHONEOS_DEPLOYMENT_TARGET = 13.4;
				LD_RUNPATH_SEARCH_PATHS = "$(inherited) @executable_path/Frameworks @loader_path/Frameworks";
				MTL_ENABLE_DEBUG_INFO = INCLUDE_SOURCE;
				MTL_FAST_MATH = YES;
				PRODUCT_BUNDLE_IDENTIFIER = io.dbeard.ChippyTests;
				PRODUCT_NAME = "$(TARGET_NAME)";
				SWIFT_VERSION = 5.0;
				TARGETED_DEVICE_FAMILY = "1,2";
				TEST_HOST = "$(BUILT_PRODUCTS_DIR)/Chippy.app/Chippy";
			};
			name = Debug;
		};
		2489872024AAF7C500617901 /* Release */ = {
			isa = XCBuildConfiguration;
			buildSettings = {
				BUNDLE_LOADER = "$(TEST_HOST)";
				CLANG_ANALYZER_NUMBER_OBJECT_CONVERSION = YES_AGGRESSIVE;
				CLANG_CXX_LANGUAGE_STANDARD = "gnu++14";
				CLANG_ENABLE_OBJC_WEAK = YES;
				CLANG_WARN_UNGUARDED_AVAILABILITY = YES_AGGRESSIVE;
				CODE_SIGN_STYLE = Automatic;
				GCC_C_LANGUAGE_STANDARD = gnu11;
				INFOPLIST_FILE = ChippyTests/Info.plist;
				IPHONEOS_DEPLOYMENT_TARGET = 13.4;
				LD_RUNPATH_SEARCH_PATHS = "$(inherited) @executable_path/Frameworks @loader_path/Frameworks";
				MTL_FAST_MATH = YES;
				PRODUCT_BUNDLE_IDENTIFIER = io.dbeard.ChippyTests;
				PRODUCT_NAME = "$(TARGET_NAME)";
				SWIFT_VERSION = 5.0;
				TARGETED_DEVICE_FAMILY = "1,2";
				TEST_HOST = "$(BUILT_PRODUCTS_DIR)/Chippy.app/Chippy";
			};
			name = Release;
		};
/* End XCBuildConfiguration section */

/* Begin XCConfigurationList section */
		2443373B1D31D552000E485B /* Build configuration list for PBXProject "Chippy" */ = {
			isa = XCConfigurationList;
			buildConfigurations = (
				244337561D31D552000E485B /* Debug */,
				244337571D31D552000E485B /* Release */,
			);
			defaultConfigurationIsVisible = 0;
			defaultConfigurationName = Release;
		};
		244337581D31D552000E485B /* Build configuration list for PBXNativeTarget "Chippy" */ = {
			isa = XCConfigurationList;
			buildConfigurations = (
				244337591D31D552000E485B /* Debug */,
				2443375A1D31D552000E485B /* Release */,
			);
			defaultConfigurationIsVisible = 0;
			defaultConfigurationName = Release;
		};
		2489871E24AAF7C500617901 /* Build configuration list for PBXNativeTarget "ChippyTests" */ = {
			isa = XCConfigurationList;
			buildConfigurations = (
				2489871F24AAF7C500617901 /* Debug */,
				2489872024AAF7C500617901 /* Release */,
			);
			defaultConfigurationIsVisible = 0;
			defaultConfigurationName = Release;
		};
/* End XCConfigurationList section */
	};
	rootObject = 244337381D31D552000E485B /* Project object */;
}
